// !$*UTF8*$!
{
	archiveVersion = 1;
	classes = {
	};
	objectVersion = 46;
	objects = {

/* Begin PBXBuildFile section */
		01F15B8DDBD77922AC8B69ED /* Pods_RiotApi_Tests.framework in Frameworks */ = {isa = PBXBuildFile; fileRef = DC93580904BF9261298176E1 /* Pods_RiotApi_Tests.framework */; settings = {ATTRIBUTES = (Weak, ); }; };
		6003F58E195388D20070C39A /* Foundation.framework in Frameworks */ = {isa = PBXBuildFile; fileRef = 6003F58D195388D20070C39A /* Foundation.framework */; };
		6003F590195388D20070C39A /* CoreGraphics.framework in Frameworks */ = {isa = PBXBuildFile; fileRef = 6003F58F195388D20070C39A /* CoreGraphics.framework */; };
		6003F592195388D20070C39A /* UIKit.framework in Frameworks */ = {isa = PBXBuildFile; fileRef = 6003F591195388D20070C39A /* UIKit.framework */; };
		6003F598195388D20070C39A /* InfoPlist.strings in Resources */ = {isa = PBXBuildFile; fileRef = 6003F596195388D20070C39A /* InfoPlist.strings */; };
		6003F59A195388D20070C39A /* main.m in Sources */ = {isa = PBXBuildFile; fileRef = 6003F599195388D20070C39A /* main.m */; };
		6003F59E195388D20070C39A /* RiotAPI_AppDelegate.m in Sources */ = {isa = PBXBuildFile; fileRef = 6003F59D195388D20070C39A /* RiotAPI_AppDelegate.m */; };
		6003F5A7195388D20070C39A /* RiotAPI_ViewController.m in Sources */ = {isa = PBXBuildFile; fileRef = 6003F5A6195388D20070C39A /* RiotAPI_ViewController.m */; };
		6003F5A9195388D20070C39A /* Images.xcassets in Resources */ = {isa = PBXBuildFile; fileRef = 6003F5A8195388D20070C39A /* Images.xcassets */; };
		6003F5B0195388D20070C39A /* XCTest.framework in Frameworks */ = {isa = PBXBuildFile; fileRef = 6003F5AF195388D20070C39A /* XCTest.framework */; };
		6003F5B1195388D20070C39A /* Foundation.framework in Frameworks */ = {isa = PBXBuildFile; fileRef = 6003F58D195388D20070C39A /* Foundation.framework */; };
		6003F5B2195388D20070C39A /* UIKit.framework in Frameworks */ = {isa = PBXBuildFile; fileRef = 6003F591195388D20070C39A /* UIKit.framework */; };
		6003F5BA195388D20070C39A /* InfoPlist.strings in Resources */ = {isa = PBXBuildFile; fileRef = 6003F5B8195388D20070C39A /* InfoPlist.strings */; };
		6C7CBD091B40F63400960DE1 /* Champion.json in Resources */ = {isa = PBXBuildFile; fileRef = 6C7CBCD61B40F63400960DE1 /* Champion.json */; };
		6C7CBD0A1B40F63400960DE1 /* CurrentGame.json in Resources */ = {isa = PBXBuildFile; fileRef = 6C7CBCD71B40F63400960DE1 /* CurrentGame.json */; };
		6C7CBD0B1B40F63400960DE1 /* Featured.json in Resources */ = {isa = PBXBuildFile; fileRef = 6C7CBCD81B40F63400960DE1 /* Featured.json */; };
		6C7CBD0C1B40F63400960DE1 /* Game.json in Resources */ = {isa = PBXBuildFile; fileRef = 6C7CBCD91B40F63400960DE1 /* Game.json */; };
		6C7CBD0D1B40F63400960DE1 /* League-Summoner.json in Resources */ = {isa = PBXBuildFile; fileRef = 6C7CBCDA1B40F63400960DE1 /* League-Summoner.json */; };
		6C7CBD0E1B40F63400960DE1 /* Match.json in Resources */ = {isa = PBXBuildFile; fileRef = 6C7CBCDB1B40F63400960DE1 /* Match.json */; };
		6C7CBD0F1B40F63400960DE1 /* MatchHistory.json in Resources */ = {isa = PBXBuildFile; fileRef = 6C7CBCDC1B40F63400960DE1 /* MatchHistory.json */; };
		6C7CBD101B40F63400960DE1 /* Static-Champion.json in Resources */ = {isa = PBXBuildFile; fileRef = 6C7CBCDD1B40F63400960DE1 /* Static-Champion.json */; };
		6C7CBD111B40F63400960DE1 /* Static-Item.json in Resources */ = {isa = PBXBuildFile; fileRef = 6C7CBCDE1B40F63400960DE1 /* Static-Item.json */; };
		6C7CBD121B40F63400960DE1 /* Static-Map.json in Resources */ = {isa = PBXBuildFile; fileRef = 6C7CBCDF1B40F63400960DE1 /* Static-Map.json */; };
		6C7CBD131B40F63400960DE1 /* Static-Mastery.json in Resources */ = {isa = PBXBuildFile; fileRef = 6C7CBCE01B40F63400960DE1 /* Static-Mastery.json */; };
		6C7CBD141B40F63400960DE1 /* Static-Realm.json in Resources */ = {isa = PBXBuildFile; fileRef = 6C7CBCE11B40F63400960DE1 /* Static-Realm.json */; };
		6C7CBD151B40F63400960DE1 /* Static-Rune.json in Resources */ = {isa = PBXBuildFile; fileRef = 6C7CBCE21B40F63400960DE1 /* Static-Rune.json */; };
		6C7CBD161B40F63400960DE1 /* Static-SummonerSpell.json in Resources */ = {isa = PBXBuildFile; fileRef = 6C7CBCE31B40F63400960DE1 /* Static-SummonerSpell.json */; };
		6C7CBD171B40F63400960DE1 /* Stats-Ranked.json in Resources */ = {isa = PBXBuildFile; fileRef = 6C7CBCE41B40F63400960DE1 /* Stats-Ranked.json */; };
		6C7CBD181B40F63400960DE1 /* Stats-Summary.json in Resources */ = {isa = PBXBuildFile; fileRef = 6C7CBCE51B40F63400960DE1 /* Stats-Summary.json */; };
		6C7CBD191B40F63400960DE1 /* Status-Shard-Region.json in Resources */ = {isa = PBXBuildFile; fileRef = 6C7CBCE61B40F63400960DE1 /* Status-Shard-Region.json */; };
		6C7CBD1A1B40F63400960DE1 /* Status-Shards.json in Resources */ = {isa = PBXBuildFile; fileRef = 6C7CBCE71B40F63400960DE1 /* Status-Shards.json */; };
		6C7CBD1B1B40F63400960DE1 /* Summoner-Masteries.json in Resources */ = {isa = PBXBuildFile; fileRef = 6C7CBCE81B40F63400960DE1 /* Summoner-Masteries.json */; };
		6C7CBD1C1B40F63400960DE1 /* Summoner-Name.json in Resources */ = {isa = PBXBuildFile; fileRef = 6C7CBCE91B40F63400960DE1 /* Summoner-Name.json */; };
		6C7CBD1D1B40F63400960DE1 /* Summoner-Runes.json in Resources */ = {isa = PBXBuildFile; fileRef = 6C7CBCEA1B40F63400960DE1 /* Summoner-Runes.json */; };
		6C7CBD1E1B40F63400960DE1 /* Team.json in Resources */ = {isa = PBXBuildFile; fileRef = 6C7CBCEB1B40F63400960DE1 /* Team.json */; };
		6C7CBD1F1B40F63400960DE1 /* ChampionTests.m in Sources */ = {isa = PBXBuildFile; fileRef = 6C7CBCED1B40F63400960DE1 /* ChampionTests.m */; };
		6C7CBD201B40F63400960DE1 /* CurrentGameTests.m in Sources */ = {isa = PBXBuildFile; fileRef = 6C7CBCEE1B40F63400960DE1 /* CurrentGameTests.m */; };
		6C7CBD211B40F63400960DE1 /* FeaturedGameTests.m in Sources */ = {isa = PBXBuildFile; fileRef = 6C7CBCEF1B40F63400960DE1 /* FeaturedGameTests.m */; };
		6C7CBD221B40F63400960DE1 /* GameTests.m in Sources */ = {isa = PBXBuildFile; fileRef = 6C7CBCF01B40F63400960DE1 /* GameTests.m */; };
		6C7CBD231B40F63400960DE1 /* LeagueTests.m in Sources */ = {isa = PBXBuildFile; fileRef = 6C7CBCF11B40F63400960DE1 /* LeagueTests.m */; };
		6C7CBD241B40F63400960DE1 /* MatchHistoryTests.m in Sources */ = {isa = PBXBuildFile; fileRef = 6C7CBCF21B40F63400960DE1 /* MatchHistoryTests.m */; };
		6C7CBD251B40F63400960DE1 /* MatchTests.m in Sources */ = {isa = PBXBuildFile; fileRef = 6C7CBCF31B40F63400960DE1 /* MatchTests.m */; };
		6C7CBD261B40F63400960DE1 /* StaticDataTests.m in Sources */ = {isa = PBXBuildFile; fileRef = 6C7CBCF41B40F63400960DE1 /* StaticDataTests.m */; };
		6C7CBD271B40F63400960DE1 /* StatsTests.m in Sources */ = {isa = PBXBuildFile; fileRef = 6C7CBCF51B40F63400960DE1 /* StatsTests.m */; };
		6C7CBD281B40F63400960DE1 /* StatusTests.m in Sources */ = {isa = PBXBuildFile; fileRef = 6C7CBCF61B40F63400960DE1 /* StatusTests.m */; };
		6C7CBD291B40F63400960DE1 /* SummonerTests.m in Sources */ = {isa = PBXBuildFile; fileRef = 6C7CBCF71B40F63400960DE1 /* SummonerTests.m */; };
		6C7CBD2A1B40F63400960DE1 /* TeamTests.m in Sources */ = {isa = PBXBuildFile; fileRef = 6C7CBCF81B40F63400960DE1 /* TeamTests.m */; };
		6C7CBD2B1B40F63400960DE1 /* RiotAPITests.m in Sources */ = {isa = PBXBuildFile; fileRef = 6C7CBCF91B40F63400960DE1 /* RiotAPITests.m */; };
		6C7CBD2C1B40F63400960DE1 /* BaseServiceTests.m in Sources */ = {isa = PBXBuildFile; fileRef = 6C7CBCFC1B40F63400960DE1 /* BaseServiceTests.m */; };
		6C7CBD2D1B40F63400960DE1 /* ChampionServiceTests.m in Sources */ = {isa = PBXBuildFile; fileRef = 6C7CBCFD1B40F63400960DE1 /* ChampionServiceTests.m */; };
		6C7CBD2E1B40F63400960DE1 /* CurrentGameServiceTests.m in Sources */ = {isa = PBXBuildFile; fileRef = 6C7CBCFE1B40F63400960DE1 /* CurrentGameServiceTests.m */; };
		6C7CBD2F1B40F63400960DE1 /* FeaturedGamesServiceTests.m in Sources */ = {isa = PBXBuildFile; fileRef = 6C7CBCFF1B40F63400960DE1 /* FeaturedGamesServiceTests.m */; };
		6C7CBD301B40F63400960DE1 /* GameServiceTests.m in Sources */ = {isa = PBXBuildFile; fileRef = 6C7CBD001B40F63400960DE1 /* GameServiceTests.m */; };
		6C7CBD311B40F63400960DE1 /* LeagueServiceTests.m in Sources */ = {isa = PBXBuildFile; fileRef = 6C7CBD011B40F63400960DE1 /* LeagueServiceTests.m */; };
		6C7CBD321B40F63400960DE1 /* MatchHistoryServiceTests.m in Sources */ = {isa = PBXBuildFile; fileRef = 6C7CBD021B40F63400960DE1 /* MatchHistoryServiceTests.m */; };
		6C7CBD331B40F63400960DE1 /* MatchServiceTests.m in Sources */ = {isa = PBXBuildFile; fileRef = 6C7CBD031B40F63400960DE1 /* MatchServiceTests.m */; };
		6C7CBD341B40F63400960DE1 /* StaticDataServiceTests.m in Sources */ = {isa = PBXBuildFile; fileRef = 6C7CBD041B40F63400960DE1 /* StaticDataServiceTests.m */; };
		6C7CBD351B40F63400960DE1 /* StatsServiceTests.m in Sources */ = {isa = PBXBuildFile; fileRef = 6C7CBD051B40F63400960DE1 /* StatsServiceTests.m */; };
		6C7CBD361B40F63400960DE1 /* StatusServiceTests.m in Sources */ = {isa = PBXBuildFile; fileRef = 6C7CBD061B40F63400960DE1 /* StatusServiceTests.m */; };
		6C7CBD371B40F63400960DE1 /* SummonerServiceTests.m in Sources */ = {isa = PBXBuildFile; fileRef = 6C7CBD071B40F63400960DE1 /* SummonerServiceTests.m */; };
		6C7CBD381B40F63400960DE1 /* TeamServiceTests.m in Sources */ = {isa = PBXBuildFile; fileRef = 6C7CBD081B40F63400960DE1 /* TeamServiceTests.m */; };
		873B8AEB1B1F5CCA007FD442 /* Main.storyboard in Resources */ = {isa = PBXBuildFile; fileRef = 873B8AEA1B1F5CCA007FD442 /* Main.storyboard */; };
		D06E337280590C34C860973B /* Pods_RiotApi_Example.framework in Frameworks */ = {isa = PBXBuildFile; fileRef = B7666B2E0C287E3ADF0B9B15 /* Pods_RiotApi_Example.framework */; settings = {ATTRIBUTES = (Weak, ); }; };
/* End PBXBuildFile section */

/* Begin PBXContainerItemProxy section */
		6003F5B3195388D20070C39A /* PBXContainerItemProxy */ = {
			isa = PBXContainerItemProxy;
			containerPortal = 6003F582195388D10070C39A /* Project object */;
			proxyType = 1;
			remoteGlobalIDString = 6003F589195388D20070C39A;
			remoteInfo = RiotApi;
		};
/* End PBXContainerItemProxy section */

/* Begin PBXFileReference section */
		403FF73D401AF7E8EE14BF26 /* Pods-RiotApi_Tests.debug.xcconfig */ = {isa = PBXFileReference; includeInIndex = 1; lastKnownFileType = text.xcconfig; name = "Pods-RiotApi_Tests.debug.xcconfig"; path = "Pods/Target Support Files/Pods-RiotApi_Tests/Pods-RiotApi_Tests.debug.xcconfig"; sourceTree = "<group>"; };
		42D4222E99A65E57EA4B9E5E /* Pods-RiotApi_Example.release.xcconfig */ = {isa = PBXFileReference; includeInIndex = 1; lastKnownFileType = text.xcconfig; name = "Pods-RiotApi_Example.release.xcconfig"; path = "Pods/Target Support Files/Pods-RiotApi_Example/Pods-RiotApi_Example.release.xcconfig"; sourceTree = "<group>"; };
		58524D92350F5D2C0489ECD3 /* LICENSE */ = {isa = PBXFileReference; includeInIndex = 1; lastKnownFileType = text; name = LICENSE; path = ../LICENSE; sourceTree = "<group>"; };
		5D2782EE924428D721843EAD /* Pods-RiotApi_Tests.release.xcconfig */ = {isa = PBXFileReference; includeInIndex = 1; lastKnownFileType = text.xcconfig; name = "Pods-RiotApi_Tests.release.xcconfig"; path = "Pods/Target Support Files/Pods-RiotApi_Tests/Pods-RiotApi_Tests.release.xcconfig"; sourceTree = "<group>"; };
		6003F58A195388D20070C39A /* RiotApi_Example.app */ = {isa = PBXFileReference; explicitFileType = wrapper.application; includeInIndex = 0; path = RiotApi_Example.app; sourceTree = BUILT_PRODUCTS_DIR; };
		6003F58D195388D20070C39A /* Foundation.framework */ = {isa = PBXFileReference; lastKnownFileType = wrapper.framework; name = Foundation.framework; path = System/Library/Frameworks/Foundation.framework; sourceTree = SDKROOT; };
		6003F58F195388D20070C39A /* CoreGraphics.framework */ = {isa = PBXFileReference; lastKnownFileType = wrapper.framework; name = CoreGraphics.framework; path = System/Library/Frameworks/CoreGraphics.framework; sourceTree = SDKROOT; };
		6003F591195388D20070C39A /* UIKit.framework */ = {isa = PBXFileReference; lastKnownFileType = wrapper.framework; name = UIKit.framework; path = System/Library/Frameworks/UIKit.framework; sourceTree = SDKROOT; };
		6003F595195388D20070C39A /* RiotApi-Info.plist */ = {isa = PBXFileReference; lastKnownFileType = text.plist.xml; path = "RiotApi-Info.plist"; sourceTree = "<group>"; };
		6003F597195388D20070C39A /* en */ = {isa = PBXFileReference; lastKnownFileType = text.plist.strings; name = en; path = en.lproj/InfoPlist.strings; sourceTree = "<group>"; };
		6003F599195388D20070C39A /* main.m */ = {isa = PBXFileReference; lastKnownFileType = sourcecode.c.objc; path = main.m; sourceTree = "<group>"; };
		6003F59B195388D20070C39A /* RiotApi-Prefix.pch */ = {isa = PBXFileReference; lastKnownFileType = sourcecode.c.h; path = "RiotApi-Prefix.pch"; sourceTree = "<group>"; };
		6003F59C195388D20070C39A /* RiotAPI_AppDelegate.h */ = {isa = PBXFileReference; lastKnownFileType = sourcecode.c.h; path = RiotAPI_AppDelegate.h; sourceTree = "<group>"; };
		6003F59D195388D20070C39A /* RiotAPI_AppDelegate.m */ = {isa = PBXFileReference; lastKnownFileType = sourcecode.c.objc; path = RiotAPI_AppDelegate.m; sourceTree = "<group>"; };
		6003F5A5195388D20070C39A /* RiotAPI_ViewController.h */ = {isa = PBXFileReference; lastKnownFileType = sourcecode.c.h; path = RiotAPI_ViewController.h; sourceTree = "<group>"; };
		6003F5A6195388D20070C39A /* RiotAPI_ViewController.m */ = {isa = PBXFileReference; lastKnownFileType = sourcecode.c.objc; path = RiotAPI_ViewController.m; sourceTree = "<group>"; };
		6003F5A8195388D20070C39A /* Images.xcassets */ = {isa = PBXFileReference; lastKnownFileType = folder.assetcatalog; path = Images.xcassets; sourceTree = "<group>"; };
		6003F5AE195388D20070C39A /* RiotApi_Tests.xctest */ = {isa = PBXFileReference; explicitFileType = wrapper.cfbundle; includeInIndex = 0; path = RiotApi_Tests.xctest; sourceTree = BUILT_PRODUCTS_DIR; };
		6003F5AF195388D20070C39A /* XCTest.framework */ = {isa = PBXFileReference; lastKnownFileType = wrapper.framework; name = XCTest.framework; path = Library/Frameworks/XCTest.framework; sourceTree = DEVELOPER_DIR; };
		6003F5B7195388D20070C39A /* Tests-Info.plist */ = {isa = PBXFileReference; lastKnownFileType = text.plist.xml; path = "Tests-Info.plist"; sourceTree = "<group>"; };
		6003F5B9195388D20070C39A /* en */ = {isa = PBXFileReference; lastKnownFileType = text.plist.strings; name = en; path = en.lproj/InfoPlist.strings; sourceTree = "<group>"; };
		606FC2411953D9B200FFA9A0 /* Tests-Prefix.pch */ = {isa = PBXFileReference; lastKnownFileType = sourcecode.c.h; path = "Tests-Prefix.pch"; sourceTree = "<group>"; };
		6C7CBCD61B40F63400960DE1 /* Champion.json */ = {isa = PBXFileReference; fileEncoding = 4; lastKnownFileType = text.json; path = Champion.json; sourceTree = "<group>"; };
		6C7CBCD71B40F63400960DE1 /* CurrentGame.json */ = {isa = PBXFileReference; fileEncoding = 4; lastKnownFileType = text.json; path = CurrentGame.json; sourceTree = "<group>"; };
		6C7CBCD81B40F63400960DE1 /* Featured.json */ = {isa = PBXFileReference; fileEncoding = 4; lastKnownFileType = text.json; path = Featured.json; sourceTree = "<group>"; };
		6C7CBCD91B40F63400960DE1 /* Game.json */ = {isa = PBXFileReference; fileEncoding = 4; lastKnownFileType = text.json; path = Game.json; sourceTree = "<group>"; };
		6C7CBCDA1B40F63400960DE1 /* League-Summoner.json */ = {isa = PBXFileReference; fileEncoding = 4; lastKnownFileType = text.json; path = "League-Summoner.json"; sourceTree = "<group>"; };
		6C7CBCDB1B40F63400960DE1 /* Match.json */ = {isa = PBXFileReference; fileEncoding = 4; lastKnownFileType = text.json; path = Match.json; sourceTree = "<group>"; };
		6C7CBCDC1B40F63400960DE1 /* MatchHistory.json */ = {isa = PBXFileReference; fileEncoding = 4; lastKnownFileType = text.json; path = MatchHistory.json; sourceTree = "<group>"; };
		6C7CBCDD1B40F63400960DE1 /* Static-Champion.json */ = {isa = PBXFileReference; fileEncoding = 4; lastKnownFileType = text.json; path = "Static-Champion.json"; sourceTree = "<group>"; };
		6C7CBCDE1B40F63400960DE1 /* Static-Item.json */ = {isa = PBXFileReference; fileEncoding = 4; lastKnownFileType = text.json; path = "Static-Item.json"; sourceTree = "<group>"; };
		6C7CBCDF1B40F63400960DE1 /* Static-Map.json */ = {isa = PBXFileReference; fileEncoding = 4; lastKnownFileType = text.json; path = "Static-Map.json"; sourceTree = "<group>"; };
		6C7CBCE01B40F63400960DE1 /* Static-Mastery.json */ = {isa = PBXFileReference; fileEncoding = 4; lastKnownFileType = text.json; path = "Static-Mastery.json"; sourceTree = "<group>"; };
		6C7CBCE11B40F63400960DE1 /* Static-Realm.json */ = {isa = PBXFileReference; fileEncoding = 4; lastKnownFileType = text.json; path = "Static-Realm.json"; sourceTree = "<group>"; };
		6C7CBCE21B40F63400960DE1 /* Static-Rune.json */ = {isa = PBXFileReference; fileEncoding = 4; lastKnownFileType = text.json; path = "Static-Rune.json"; sourceTree = "<group>"; };
		6C7CBCE31B40F63400960DE1 /* Static-SummonerSpell.json */ = {isa = PBXFileReference; fileEncoding = 4; lastKnownFileType = text.json; path = "Static-SummonerSpell.json"; sourceTree = "<group>"; };
		6C7CBCE41B40F63400960DE1 /* Stats-Ranked.json */ = {isa = PBXFileReference; fileEncoding = 4; lastKnownFileType = text.json; path = "Stats-Ranked.json"; sourceTree = "<group>"; };
		6C7CBCE51B40F63400960DE1 /* Stats-Summary.json */ = {isa = PBXFileReference; fileEncoding = 4; lastKnownFileType = text.json; path = "Stats-Summary.json"; sourceTree = "<group>"; };
		6C7CBCE61B40F63400960DE1 /* Status-Shard-Region.json */ = {isa = PBXFileReference; fileEncoding = 4; lastKnownFileType = text.json; path = "Status-Shard-Region.json"; sourceTree = "<group>"; };
		6C7CBCE71B40F63400960DE1 /* Status-Shards.json */ = {isa = PBXFileReference; fileEncoding = 4; lastKnownFileType = text.json; path = "Status-Shards.json"; sourceTree = "<group>"; };
		6C7CBCE81B40F63400960DE1 /* Summoner-Masteries.json */ = {isa = PBXFileReference; fileEncoding = 4; lastKnownFileType = text.json; path = "Summoner-Masteries.json"; sourceTree = "<group>"; };
		6C7CBCE91B40F63400960DE1 /* Summoner-Name.json */ = {isa = PBXFileReference; fileEncoding = 4; lastKnownFileType = text.json; path = "Summoner-Name.json"; sourceTree = "<group>"; };
		6C7CBCEA1B40F63400960DE1 /* Summoner-Runes.json */ = {isa = PBXFileReference; fileEncoding = 4; lastKnownFileType = text.json; path = "Summoner-Runes.json"; sourceTree = "<group>"; };
		6C7CBCEB1B40F63400960DE1 /* Team.json */ = {isa = PBXFileReference; fileEncoding = 4; lastKnownFileType = text.json; path = Team.json; sourceTree = "<group>"; };
		6C7CBCED1B40F63400960DE1 /* ChampionTests.m */ = {isa = PBXFileReference; fileEncoding = 4; lastKnownFileType = sourcecode.c.objc; path = ChampionTests.m; sourceTree = "<group>"; };
		6C7CBCEE1B40F63400960DE1 /* CurrentGameTests.m */ = {isa = PBXFileReference; fileEncoding = 4; lastKnownFileType = sourcecode.c.objc; path = CurrentGameTests.m; sourceTree = "<group>"; };
		6C7CBCEF1B40F63400960DE1 /* FeaturedGameTests.m */ = {isa = PBXFileReference; fileEncoding = 4; lastKnownFileType = sourcecode.c.objc; path = FeaturedGameTests.m; sourceTree = "<group>"; };
		6C7CBCF01B40F63400960DE1 /* GameTests.m */ = {isa = PBXFileReference; fileEncoding = 4; lastKnownFileType = sourcecode.c.objc; path = GameTests.m; sourceTree = "<group>"; };
		6C7CBCF11B40F63400960DE1 /* LeagueTests.m */ = {isa = PBXFileReference; fileEncoding = 4; lastKnownFileType = sourcecode.c.objc; path = LeagueTests.m; sourceTree = "<group>"; };
		6C7CBCF21B40F63400960DE1 /* MatchHistoryTests.m */ = {isa = PBXFileReference; fileEncoding = 4; lastKnownFileType = sourcecode.c.objc; path = MatchHistoryTests.m; sourceTree = "<group>"; };
		6C7CBCF31B40F63400960DE1 /* MatchTests.m */ = {isa = PBXFileReference; fileEncoding = 4; lastKnownFileType = sourcecode.c.objc; path = MatchTests.m; sourceTree = "<group>"; };
		6C7CBCF41B40F63400960DE1 /* StaticDataTests.m */ = {isa = PBXFileReference; fileEncoding = 4; lastKnownFileType = sourcecode.c.objc; path = StaticDataTests.m; sourceTree = "<group>"; };
		6C7CBCF51B40F63400960DE1 /* StatsTests.m */ = {isa = PBXFileReference; fileEncoding = 4; lastKnownFileType = sourcecode.c.objc; path = StatsTests.m; sourceTree = "<group>"; };
		6C7CBCF61B40F63400960DE1 /* StatusTests.m */ = {isa = PBXFileReference; fileEncoding = 4; lastKnownFileType = sourcecode.c.objc; path = StatusTests.m; sourceTree = "<group>"; };
		6C7CBCF71B40F63400960DE1 /* SummonerTests.m */ = {isa = PBXFileReference; fileEncoding = 4; lastKnownFileType = sourcecode.c.objc; path = SummonerTests.m; sourceTree = "<group>"; };
		6C7CBCF81B40F63400960DE1 /* TeamTests.m */ = {isa = PBXFileReference; fileEncoding = 4; lastKnownFileType = sourcecode.c.objc; path = TeamTests.m; sourceTree = "<group>"; };
		6C7CBCF91B40F63400960DE1 /* RiotAPITests.m */ = {isa = PBXFileReference; fileEncoding = 4; lastKnownFileType = sourcecode.c.objc; path = RiotAPITests.m; sourceTree = "<group>"; };
		6C7CBCFB1B40F63400960DE1 /* BaseServiceTests.h */ = {isa = PBXFileReference; fileEncoding = 4; lastKnownFileType = sourcecode.c.h; path = BaseServiceTests.h; sourceTree = "<group>"; };
		6C7CBCFC1B40F63400960DE1 /* BaseServiceTests.m */ = {isa = PBXFileReference; fileEncoding = 4; lastKnownFileType = sourcecode.c.objc; path = BaseServiceTests.m; sourceTree = "<group>"; };
		6C7CBCFD1B40F63400960DE1 /* ChampionServiceTests.m */ = {isa = PBXFileReference; fileEncoding = 4; lastKnownFileType = sourcecode.c.objc; path = ChampionServiceTests.m; sourceTree = "<group>"; };
		6C7CBCFE1B40F63400960DE1 /* CurrentGameServiceTests.m */ = {isa = PBXFileReference; fileEncoding = 4; lastKnownFileType = sourcecode.c.objc; path = CurrentGameServiceTests.m; sourceTree = "<group>"; };
		6C7CBCFF1B40F63400960DE1 /* FeaturedGamesServiceTests.m */ = {isa = PBXFileReference; fileEncoding = 4; lastKnownFileType = sourcecode.c.objc; path = FeaturedGamesServiceTests.m; sourceTree = "<group>"; };
		6C7CBD001B40F63400960DE1 /* GameServiceTests.m */ = {isa = PBXFileReference; fileEncoding = 4; lastKnownFileType = sourcecode.c.objc; path = GameServiceTests.m; sourceTree = "<group>"; };
		6C7CBD011B40F63400960DE1 /* LeagueServiceTests.m */ = {isa = PBXFileReference; fileEncoding = 4; lastKnownFileType = sourcecode.c.objc; path = LeagueServiceTests.m; sourceTree = "<group>"; };
		6C7CBD021B40F63400960DE1 /* MatchHistoryServiceTests.m */ = {isa = PBXFileReference; fileEncoding = 4; lastKnownFileType = sourcecode.c.objc; path = MatchHistoryServiceTests.m; sourceTree = "<group>"; };
		6C7CBD031B40F63400960DE1 /* MatchServiceTests.m */ = {isa = PBXFileReference; fileEncoding = 4; lastKnownFileType = sourcecode.c.objc; path = MatchServiceTests.m; sourceTree = "<group>"; };
		6C7CBD041B40F63400960DE1 /* StaticDataServiceTests.m */ = {isa = PBXFileReference; fileEncoding = 4; lastKnownFileType = sourcecode.c.objc; path = StaticDataServiceTests.m; sourceTree = "<group>"; };
		6C7CBD051B40F63400960DE1 /* StatsServiceTests.m */ = {isa = PBXFileReference; fileEncoding = 4; lastKnownFileType = sourcecode.c.objc; path = StatsServiceTests.m; sourceTree = "<group>"; };
		6C7CBD061B40F63400960DE1 /* StatusServiceTests.m */ = {isa = PBXFileReference; fileEncoding = 4; lastKnownFileType = sourcecode.c.objc; path = StatusServiceTests.m; sourceTree = "<group>"; };
		6C7CBD071B40F63400960DE1 /* SummonerServiceTests.m */ = {isa = PBXFileReference; fileEncoding = 4; lastKnownFileType = sourcecode.c.objc; path = SummonerServiceTests.m; sourceTree = "<group>"; };
		6C7CBD081B40F63400960DE1 /* TeamServiceTests.m */ = {isa = PBXFileReference; fileEncoding = 4; lastKnownFileType = sourcecode.c.objc; path = TeamServiceTests.m; sourceTree = "<group>"; };
		787796DCD8A69E209EDA3B7D /* README.md */ = {isa = PBXFileReference; includeInIndex = 1; lastKnownFileType = net.daringfireball.markdown; name = README.md; path = ../README.md; sourceTree = "<group>"; };
		873B8AEA1B1F5CCA007FD442 /* Main.storyboard */ = {isa = PBXFileReference; fileEncoding = 4; lastKnownFileType = file.storyboard; path = Main.storyboard; sourceTree = "<group>"; };
		B7666B2E0C287E3ADF0B9B15 /* Pods_RiotApi_Example.framework */ = {isa = PBXFileReference; explicitFileType = wrapper.framework; includeInIndex = 0; path = Pods_RiotApi_Example.framework; sourceTree = BUILT_PRODUCTS_DIR; };
		D20C89334E65051ACB22ADC7 /* RiotApi.podspec */ = {isa = PBXFileReference; includeInIndex = 1; lastKnownFileType = text; name = RiotApi.podspec; path = ../RiotApi.podspec; sourceTree = "<group>"; };
		D53DCF03032268799FEBA2BF /* Pods-RiotApi_Example.debug.xcconfig */ = {isa = PBXFileReference; includeInIndex = 1; lastKnownFileType = text.xcconfig; name = "Pods-RiotApi_Example.debug.xcconfig"; path = "Pods/Target Support Files/Pods-RiotApi_Example/Pods-RiotApi_Example.debug.xcconfig"; sourceTree = "<group>"; };
		DC93580904BF9261298176E1 /* Pods_RiotApi_Tests.framework */ = {isa = PBXFileReference; explicitFileType = wrapper.framework; includeInIndex = 0; path = Pods_RiotApi_Tests.framework; sourceTree = BUILT_PRODUCTS_DIR; };
/* End PBXFileReference section */

/* Begin PBXFrameworksBuildPhase section */
		6003F587195388D20070C39A /* Frameworks */ = {
			isa = PBXFrameworksBuildPhase;
			buildActionMask = 2147483647;
			files = (
				6003F590195388D20070C39A /* CoreGraphics.framework in Frameworks */,
				6003F592195388D20070C39A /* UIKit.framework in Frameworks */,
				6003F58E195388D20070C39A /* Foundation.framework in Frameworks */,
				D06E337280590C34C860973B /* Pods_RiotApi_Example.framework in Frameworks */,
			);
			runOnlyForDeploymentPostprocessing = 0;
		};
		6003F5AB195388D20070C39A /* Frameworks */ = {
			isa = PBXFrameworksBuildPhase;
			buildActionMask = 2147483647;
			files = (
				6003F5B0195388D20070C39A /* XCTest.framework in Frameworks */,
				6003F5B2195388D20070C39A /* UIKit.framework in Frameworks */,
				6003F5B1195388D20070C39A /* Foundation.framework in Frameworks */,
				01F15B8DDBD77922AC8B69ED /* Pods_RiotApi_Tests.framework in Frameworks */,
			);
			runOnlyForDeploymentPostprocessing = 0;
		};
/* End PBXFrameworksBuildPhase section */

/* Begin PBXGroup section */
		6003F581195388D10070C39A = {
			isa = PBXGroup;
			children = (
				60FF7A9C1954A5C5007DD14C /* Podspec Metadata */,
				6003F593195388D20070C39A /* Example for RiotApi */,
				6003F5B5195388D20070C39A /* Tests */,
				6003F58C195388D20070C39A /* Frameworks */,
				6003F58B195388D20070C39A /* Products */,
				80AAE41B8C8C53EE2286EE0D /* Pods */,
			);
			sourceTree = "<group>";
		};
		6003F58B195388D20070C39A /* Products */ = {
			isa = PBXGroup;
			children = (
				6003F58A195388D20070C39A /* RiotApi_Example.app */,
				6003F5AE195388D20070C39A /* RiotApi_Tests.xctest */,
			);
			name = Products;
			sourceTree = "<group>";
		};
		6003F58C195388D20070C39A /* Frameworks */ = {
			isa = PBXGroup;
			children = (
				6003F58D195388D20070C39A /* Foundation.framework */,
				6003F58F195388D20070C39A /* CoreGraphics.framework */,
				6003F591195388D20070C39A /* UIKit.framework */,
				6003F5AF195388D20070C39A /* XCTest.framework */,
				B7666B2E0C287E3ADF0B9B15 /* Pods_RiotApi_Example.framework */,
				DC93580904BF9261298176E1 /* Pods_RiotApi_Tests.framework */,
			);
			name = Frameworks;
			sourceTree = "<group>";
		};
		6003F593195388D20070C39A /* Example for RiotApi */ = {
			isa = PBXGroup;
			children = (
				6003F59C195388D20070C39A /* RiotAPI_AppDelegate.h */,
				6003F59D195388D20070C39A /* RiotAPI_AppDelegate.m */,
				873B8AEA1B1F5CCA007FD442 /* Main.storyboard */,
				6003F5A5195388D20070C39A /* RiotAPI_ViewController.h */,
				6003F5A6195388D20070C39A /* RiotAPI_ViewController.m */,
				6003F5A8195388D20070C39A /* Images.xcassets */,
				6003F594195388D20070C39A /* Supporting Files */,
			);
			name = "Example for RiotApi";
			path = RiotApi;
			sourceTree = "<group>";
		};
		6003F594195388D20070C39A /* Supporting Files */ = {
			isa = PBXGroup;
			children = (
				6003F595195388D20070C39A /* RiotApi-Info.plist */,
				6003F596195388D20070C39A /* InfoPlist.strings */,
				6003F599195388D20070C39A /* main.m */,
				6003F59B195388D20070C39A /* RiotApi-Prefix.pch */,
			);
			name = "Supporting Files";
			sourceTree = "<group>";
		};
		6003F5B5195388D20070C39A /* Tests */ = {
			isa = PBXGroup;
			children = (
				6C7CBCD51B40F63400960DE1 /* JSONData */,
				6C7CBCEC1B40F63400960DE1 /* ModelTests */,
				6C7CBCF91B40F63400960DE1 /* RiotAPITests.m */,
				6C7CBCFA1B40F63400960DE1 /* ServiceTests */,
				6003F5B6195388D20070C39A /* Supporting Files */,
			);
			path = Tests;
			sourceTree = "<group>";
		};
		6003F5B6195388D20070C39A /* Supporting Files */ = {
			isa = PBXGroup;
			children = (
				6003F5B7195388D20070C39A /* Tests-Info.plist */,
				6003F5B8195388D20070C39A /* InfoPlist.strings */,
				606FC2411953D9B200FFA9A0 /* Tests-Prefix.pch */,
			);
			name = "Supporting Files";
			sourceTree = "<group>";
		};
		60FF7A9C1954A5C5007DD14C /* Podspec Metadata */ = {
			isa = PBXGroup;
			children = (
				D20C89334E65051ACB22ADC7 /* RiotApi.podspec */,
				787796DCD8A69E209EDA3B7D /* README.md */,
				58524D92350F5D2C0489ECD3 /* LICENSE */,
			);
			name = "Podspec Metadata";
			sourceTree = "<group>";
		};
		6C7CBCD51B40F63400960DE1 /* JSONData */ = {
			isa = PBXGroup;
			children = (
				6C7CBCD61B40F63400960DE1 /* Champion.json */,
				6C7CBCD71B40F63400960DE1 /* CurrentGame.json */,
				6C7CBCD81B40F63400960DE1 /* Featured.json */,
				6C7CBCD91B40F63400960DE1 /* Game.json */,
				6C7CBCDA1B40F63400960DE1 /* League-Summoner.json */,
				6C7CBCDB1B40F63400960DE1 /* Match.json */,
				6C7CBCDC1B40F63400960DE1 /* MatchHistory.json */,
				6C7CBCDD1B40F63400960DE1 /* Static-Champion.json */,
				6C7CBCDE1B40F63400960DE1 /* Static-Item.json */,
				6C7CBCDF1B40F63400960DE1 /* Static-Map.json */,
				6C7CBCE01B40F63400960DE1 /* Static-Mastery.json */,
				6C7CBCE11B40F63400960DE1 /* Static-Realm.json */,
				6C7CBCE21B40F63400960DE1 /* Static-Rune.json */,
				6C7CBCE31B40F63400960DE1 /* Static-SummonerSpell.json */,
				6C7CBCE41B40F63400960DE1 /* Stats-Ranked.json */,
				6C7CBCE51B40F63400960DE1 /* Stats-Summary.json */,
				6C7CBCE61B40F63400960DE1 /* Status-Shard-Region.json */,
				6C7CBCE71B40F63400960DE1 /* Status-Shards.json */,
				6C7CBCE81B40F63400960DE1 /* Summoner-Masteries.json */,
				6C7CBCE91B40F63400960DE1 /* Summoner-Name.json */,
				6C7CBCEA1B40F63400960DE1 /* Summoner-Runes.json */,
				6C7CBCEB1B40F63400960DE1 /* Team.json */,
			);
			path = JSONData;
			sourceTree = "<group>";
		};
		6C7CBCEC1B40F63400960DE1 /* ModelTests */ = {
			isa = PBXGroup;
			children = (
				6C7CBCED1B40F63400960DE1 /* ChampionTests.m */,
				6C7CBCEE1B40F63400960DE1 /* CurrentGameTests.m */,
				6C7CBCEF1B40F63400960DE1 /* FeaturedGameTests.m */,
				6C7CBCF01B40F63400960DE1 /* GameTests.m */,
				6C7CBCF11B40F63400960DE1 /* LeagueTests.m */,
				6C7CBCF21B40F63400960DE1 /* MatchHistoryTests.m */,
				6C7CBCF31B40F63400960DE1 /* MatchTests.m */,
				6C7CBCF41B40F63400960DE1 /* StaticDataTests.m */,
				6C7CBCF51B40F63400960DE1 /* StatsTests.m */,
				6C7CBCF61B40F63400960DE1 /* StatusTests.m */,
				6C7CBCF71B40F63400960DE1 /* SummonerTests.m */,
				6C7CBCF81B40F63400960DE1 /* TeamTests.m */,
			);
			path = ModelTests;
			sourceTree = "<group>";
		};
		6C7CBCFA1B40F63400960DE1 /* ServiceTests */ = {
			isa = PBXGroup;
			children = (
				6C7CBCFB1B40F63400960DE1 /* BaseServiceTests.h */,
				6C7CBCFC1B40F63400960DE1 /* BaseServiceTests.m */,
				6C7CBCFD1B40F63400960DE1 /* ChampionServiceTests.m */,
				6C7CBCFE1B40F63400960DE1 /* CurrentGameServiceTests.m */,
				6C7CBCFF1B40F63400960DE1 /* FeaturedGamesServiceTests.m */,
				6C7CBD001B40F63400960DE1 /* GameServiceTests.m */,
				6C7CBD011B40F63400960DE1 /* LeagueServiceTests.m */,
				6C7CBD021B40F63400960DE1 /* MatchHistoryServiceTests.m */,
				6C7CBD031B40F63400960DE1 /* MatchServiceTests.m */,
				6C7CBD041B40F63400960DE1 /* StaticDataServiceTests.m */,
				6C7CBD051B40F63400960DE1 /* StatsServiceTests.m */,
				6C7CBD061B40F63400960DE1 /* StatusServiceTests.m */,
				6C7CBD071B40F63400960DE1 /* SummonerServiceTests.m */,
				6C7CBD081B40F63400960DE1 /* TeamServiceTests.m */,
			);
			path = ServiceTests;
			sourceTree = "<group>";
		};
		80AAE41B8C8C53EE2286EE0D /* Pods */ = {
			isa = PBXGroup;
			children = (
				D53DCF03032268799FEBA2BF /* Pods-RiotApi_Example.debug.xcconfig */,
				42D4222E99A65E57EA4B9E5E /* Pods-RiotApi_Example.release.xcconfig */,
				403FF73D401AF7E8EE14BF26 /* Pods-RiotApi_Tests.debug.xcconfig */,
				5D2782EE924428D721843EAD /* Pods-RiotApi_Tests.release.xcconfig */,
			);
			name = Pods;
			sourceTree = "<group>";
		};
/* End PBXGroup section */

/* Begin PBXNativeTarget section */
		6003F589195388D20070C39A /* RiotApi_Example */ = {
			isa = PBXNativeTarget;
			buildConfigurationList = 6003F5BF195388D20070C39A /* Build configuration list for PBXNativeTarget "RiotApi_Example" */;
			buildPhases = (
				D9830681FBEA55A7E4F8BC3F /* Check Pods Manifest.lock */,
				6003F586195388D20070C39A /* Sources */,
				6003F587195388D20070C39A /* Frameworks */,
				6003F588195388D20070C39A /* Resources */,
				E17D2125D065604B8FAC9B2E /* Embed Pods Frameworks */,
				95533242A3D744C9B5AEFB76 /* Copy Pods Resources */,
			);
			buildRules = (
			);
			dependencies = (
			);
			name = RiotApi_Example;
			productName = RiotApi;
			productReference = 6003F58A195388D20070C39A /* RiotApi_Example.app */;
			productType = "com.apple.product-type.application";
		};
		6003F5AD195388D20070C39A /* RiotApi_Tests */ = {
			isa = PBXNativeTarget;
			buildConfigurationList = 6003F5C2195388D20070C39A /* Build configuration list for PBXNativeTarget "RiotApi_Tests" */;
			buildPhases = (
				3CFFB95DB9152935EB678080 /* Check Pods Manifest.lock */,
				6003F5AA195388D20070C39A /* Sources */,
				6003F5AB195388D20070C39A /* Frameworks */,
				6003F5AC195388D20070C39A /* Resources */,
				7B8E6CE5438D7B4E7F4AE9BE /* Embed Pods Frameworks */,
				4D560EF3D220D46A15B0EE82 /* Copy Pods Resources */,
			);
			buildRules = (
			);
			dependencies = (
				6003F5B4195388D20070C39A /* PBXTargetDependency */,
			);
			name = RiotApi_Tests;
			productName = RiotApiTests;
			productReference = 6003F5AE195388D20070C39A /* RiotApi_Tests.xctest */;
			productType = "com.apple.product-type.bundle.unit-test";
		};
/* End PBXNativeTarget section */

/* Begin PBXProject section */
		6003F582195388D10070C39A /* Project object */ = {
			isa = PBXProject;
			attributes = {
				CLASSPREFIX = RiotAPI_;
				LastUpgradeCheck = 0510;
				ORGANIZATIONNAME = "James Glenn";
				TargetAttributes = {
					6003F5AD195388D20070C39A = {
						TestTargetID = 6003F589195388D20070C39A;
					};
				};
			};
			buildConfigurationList = 6003F585195388D10070C39A /* Build configuration list for PBXProject "RiotApi" */;
			compatibilityVersion = "Xcode 3.2";
			developmentRegion = English;
			hasScannedForEncodings = 0;
			knownRegions = (
				en,
				Base,
			);
			mainGroup = 6003F581195388D10070C39A;
			productRefGroup = 6003F58B195388D20070C39A /* Products */;
			projectDirPath = "";
			projectRoot = "";
			targets = (
				6003F589195388D20070C39A /* RiotApi_Example */,
				6003F5AD195388D20070C39A /* RiotApi_Tests */,
			);
		};
/* End PBXProject section */

/* Begin PBXResourcesBuildPhase section */
		6003F588195388D20070C39A /* Resources */ = {
			isa = PBXResourcesBuildPhase;
			buildActionMask = 2147483647;
			files = (
				873B8AEB1B1F5CCA007FD442 /* Main.storyboard in Resources */,
				6003F5A9195388D20070C39A /* Images.xcassets in Resources */,
				6003F598195388D20070C39A /* InfoPlist.strings in Resources */,
			);
			runOnlyForDeploymentPostprocessing = 0;
		};
		6003F5AC195388D20070C39A /* Resources */ = {
			isa = PBXResourcesBuildPhase;
			buildActionMask = 2147483647;
			files = (
				6C7CBD1A1B40F63400960DE1 /* Status-Shards.json in Resources */,
				6C7CBD191B40F63400960DE1 /* Status-Shard-Region.json in Resources */,
				6C7CBD181B40F63400960DE1 /* Stats-Summary.json in Resources */,
				6C7CBD1B1B40F63400960DE1 /* Summoner-Masteries.json in Resources */,
				6C7CBD0F1B40F63400960DE1 /* MatchHistory.json in Resources */,
				6C7CBD151B40F63400960DE1 /* Static-Rune.json in Resources */,
				6C7CBD0A1B40F63400960DE1 /* CurrentGame.json in Resources */,
				6C7CBD111B40F63400960DE1 /* Static-Item.json in Resources */,
				6C7CBD0C1B40F63400960DE1 /* Game.json in Resources */,
				6C7CBD1D1B40F63400960DE1 /* Summoner-Runes.json in Resources */,
				6C7CBD0D1B40F63400960DE1 /* League-Summoner.json in Resources */,
				6C7CBD0E1B40F63400960DE1 /* Match.json in Resources */,
				6C7CBD141B40F63400960DE1 /* Static-Realm.json in Resources */,
				6C7CBD1C1B40F63400960DE1 /* Summoner-Name.json in Resources */,
				6C7CBD161B40F63400960DE1 /* Static-SummonerSpell.json in Resources */,
				6C7CBD0B1B40F63400960DE1 /* Featured.json in Resources */,
				6C7CBD1E1B40F63400960DE1 /* Team.json in Resources */,
				6C7CBD171B40F63400960DE1 /* Stats-Ranked.json in Resources */,
				6C7CBD091B40F63400960DE1 /* Champion.json in Resources */,
				6C7CBD101B40F63400960DE1 /* Static-Champion.json in Resources */,
				6C7CBD131B40F63400960DE1 /* Static-Mastery.json in Resources */,
				6C7CBD121B40F63400960DE1 /* Static-Map.json in Resources */,
				6003F5BA195388D20070C39A /* InfoPlist.strings in Resources */,
			);
			runOnlyForDeploymentPostprocessing = 0;
		};
/* End PBXResourcesBuildPhase section */

/* Begin PBXShellScriptBuildPhase section */
		3CFFB95DB9152935EB678080 /* Check Pods Manifest.lock */ = {
			isa = PBXShellScriptBuildPhase;
			buildActionMask = 2147483647;
			files = (
			);
			inputPaths = (
			);
			name = "Check Pods Manifest.lock";
			outputPaths = (
			);
			runOnlyForDeploymentPostprocessing = 0;
			shellPath = /bin/sh;
			shellScript = "diff \"${PODS_ROOT}/../Podfile.lock\" \"${PODS_ROOT}/Manifest.lock\" > /dev/null\nif [[ $? != 0 ]] ; then\n    cat << EOM\nerror: The sandbox is not in sync with the Podfile.lock. Run 'pod install' or update your CocoaPods installation.\nEOM\n    exit 1\nfi\n";
			showEnvVarsInLog = 0;
		};
		4D560EF3D220D46A15B0EE82 /* Copy Pods Resources */ = {
			isa = PBXShellScriptBuildPhase;
			buildActionMask = 2147483647;
			files = (
			);
			inputPaths = (
			);
			name = "Copy Pods Resources";
			outputPaths = (
			);
			runOnlyForDeploymentPostprocessing = 0;
			shellPath = /bin/sh;
			shellScript = "\"${SRCROOT}/Pods/Target Support Files/Pods-RiotApi_Tests/Pods-RiotApi_Tests-resources.sh\"\n";
			showEnvVarsInLog = 0;
		};
		7B8E6CE5438D7B4E7F4AE9BE /* Embed Pods Frameworks */ = {
			isa = PBXShellScriptBuildPhase;
			buildActionMask = 2147483647;
			files = (
			);
			inputPaths = (
			);
			name = "Embed Pods Frameworks";
			outputPaths = (
			);
			runOnlyForDeploymentPostprocessing = 0;
			shellPath = /bin/sh;
			shellScript = "\"${SRCROOT}/Pods/Target Support Files/Pods-RiotApi_Tests/Pods-RiotApi_Tests-frameworks.sh\"\n";
			showEnvVarsInLog = 0;
		};
		95533242A3D744C9B5AEFB76 /* Copy Pods Resources */ = {
			isa = PBXShellScriptBuildPhase;
			buildActionMask = 2147483647;
			files = (
			);
			inputPaths = (
			);
			name = "Copy Pods Resources";
			outputPaths = (
			);
			runOnlyForDeploymentPostprocessing = 0;
			shellPath = /bin/sh;
			shellScript = "\"${SRCROOT}/Pods/Target Support Files/Pods-RiotApi_Example/Pods-RiotApi_Example-resources.sh\"\n";
			showEnvVarsInLog = 0;
		};
		D9830681FBEA55A7E4F8BC3F /* Check Pods Manifest.lock */ = {
			isa = PBXShellScriptBuildPhase;
			buildActionMask = 2147483647;
			files = (
			);
			inputPaths = (
			);
			name = "Check Pods Manifest.lock";
			outputPaths = (
			);
			runOnlyForDeploymentPostprocessing = 0;
			shellPath = /bin/sh;
			shellScript = "diff \"${PODS_ROOT}/../Podfile.lock\" \"${PODS_ROOT}/Manifest.lock\" > /dev/null\nif [[ $? != 0 ]] ; then\n    cat << EOM\nerror: The sandbox is not in sync with the Podfile.lock. Run 'pod install' or update your CocoaPods installation.\nEOM\n    exit 1\nfi\n";
			showEnvVarsInLog = 0;
		};
		E17D2125D065604B8FAC9B2E /* Embed Pods Frameworks */ = {
			isa = PBXShellScriptBuildPhase;
			buildActionMask = 2147483647;
			files = (
			);
			inputPaths = (
			);
			name = "Embed Pods Frameworks";
			outputPaths = (
			);
			runOnlyForDeploymentPostprocessing = 0;
			shellPath = /bin/sh;
			shellScript = "\"${SRCROOT}/Pods/Target Support Files/Pods-RiotApi_Example/Pods-RiotApi_Example-frameworks.sh\"\n";
			showEnvVarsInLog = 0;
		};
/* End PBXShellScriptBuildPhase section */

/* Begin PBXSourcesBuildPhase section */
		6003F586195388D20070C39A /* Sources */ = {
			isa = PBXSourcesBuildPhase;
			buildActionMask = 2147483647;
			files = (
				6003F59E195388D20070C39A /* RiotAPI_AppDelegate.m in Sources */,
				6003F5A7195388D20070C39A /* RiotAPI_ViewController.m in Sources */,
				6003F59A195388D20070C39A /* main.m in Sources */,
			);
			runOnlyForDeploymentPostprocessing = 0;
		};
		6003F5AA195388D20070C39A /* Sources */ = {
			isa = PBXSourcesBuildPhase;
			buildActionMask = 2147483647;
			files = (
				6C7CBD381B40F63400960DE1 /* TeamServiceTests.m in Sources */,
				6C7CBD321B40F63400960DE1 /* MatchHistoryServiceTests.m in Sources */,
				6C7CBD341B40F63400960DE1 /* StaticDataServiceTests.m in Sources */,
				6C7CBD271B40F63400960DE1 /* StatsTests.m in Sources */,
				6C7CBD371B40F63400960DE1 /* SummonerServiceTests.m in Sources */,
				6C7CBD311B40F63400960DE1 /* LeagueServiceTests.m in Sources */,
				6C7CBD2D1B40F63400960DE1 /* ChampionServiceTests.m in Sources */,
				6C7CBD351B40F63400960DE1 /* StatsServiceTests.m in Sources */,
				6C7CBD331B40F63400960DE1 /* MatchServiceTests.m in Sources */,
				6C7CBD291B40F63400960DE1 /* SummonerTests.m in Sources */,
				6C7CBD231B40F63400960DE1 /* LeagueTests.m in Sources */,
				6C7CBD2B1B40F63400960DE1 /* RiotAPITests.m in Sources */,
				6C7CBD2E1B40F63400960DE1 /* CurrentGameServiceTests.m in Sources */,
				6C7CBD261B40F63400960DE1 /* StaticDataTests.m in Sources */,
				6C7CBD301B40F63400960DE1 /* GameServiceTests.m in Sources */,
				6C7CBD2A1B40F63400960DE1 /* TeamTests.m in Sources */,
				6C7CBD2C1B40F63400960DE1 /* BaseServiceTests.m in Sources */,
				6C7CBD361B40F63400960DE1 /* StatusServiceTests.m in Sources */,
				6C7CBD2F1B40F63400960DE1 /* FeaturedGamesServiceTests.m in Sources */,
				6C7CBD211B40F63400960DE1 /* FeaturedGameTests.m in Sources */,
				6C7CBD251B40F63400960DE1 /* MatchTests.m in Sources */,
				6C7CBD281B40F63400960DE1 /* StatusTests.m in Sources */,
				6C7CBD1F1B40F63400960DE1 /* ChampionTests.m in Sources */,
				6C7CBD201B40F63400960DE1 /* CurrentGameTests.m in Sources */,
				6C7CBD241B40F63400960DE1 /* MatchHistoryTests.m in Sources */,
				6C7CBD221B40F63400960DE1 /* GameTests.m in Sources */,
			);
			runOnlyForDeploymentPostprocessing = 0;
		};
/* End PBXSourcesBuildPhase section */

/* Begin PBXTargetDependency section */
		6003F5B4195388D20070C39A /* PBXTargetDependency */ = {
			isa = PBXTargetDependency;
			target = 6003F589195388D20070C39A /* RiotApi_Example */;
			targetProxy = 6003F5B3195388D20070C39A /* PBXContainerItemProxy */;
		};
/* End PBXTargetDependency section */

/* Begin PBXVariantGroup section */
		6003F596195388D20070C39A /* InfoPlist.strings */ = {
			isa = PBXVariantGroup;
			children = (
				6003F597195388D20070C39A /* en */,
			);
			name = InfoPlist.strings;
			sourceTree = "<group>";
		};
		6003F5B8195388D20070C39A /* InfoPlist.strings */ = {
			isa = PBXVariantGroup;
			children = (
				6003F5B9195388D20070C39A /* en */,
			);
			name = InfoPlist.strings;
			sourceTree = "<group>";
		};
/* End PBXVariantGroup section */

/* Begin XCBuildConfiguration section */
		6003F5BD195388D20070C39A /* Debug */ = {
			isa = XCBuildConfiguration;
			buildSettings = {
				ALWAYS_SEARCH_USER_PATHS = NO;
				CLANG_CXX_LANGUAGE_STANDARD = "gnu++0x";
				CLANG_CXX_LIBRARY = "libc++";
				CLANG_ENABLE_MODULES = YES;
				CLANG_ENABLE_OBJC_ARC = YES;
				CLANG_WARN_BOOL_CONVERSION = YES;
				CLANG_WARN_CONSTANT_CONVERSION = YES;
				CLANG_WARN_DIRECT_OBJC_ISA_USAGE = YES_ERROR;
				CLANG_WARN_EMPTY_BODY = YES;
				CLANG_WARN_ENUM_CONVERSION = YES;
				CLANG_WARN_INT_CONVERSION = YES;
				CLANG_WARN_OBJC_ROOT_CLASS = YES_ERROR;
				CLANG_WARN__DUPLICATE_METHOD_MATCH = YES;
				"CODE_SIGN_IDENTITY[sdk=iphoneos*]" = "iPhone Developer";
				COPY_PHASE_STRIP = NO;
				GCC_C_LANGUAGE_STANDARD = gnu99;
				GCC_DYNAMIC_NO_PIC = NO;
				GCC_OPTIMIZATION_LEVEL = 0;
				GCC_PREPROCESSOR_DEFINITIONS = (
					"DEBUG=1",
					"$(inherited)",
				);
				GCC_SYMBOLS_PRIVATE_EXTERN = NO;
				GCC_WARN_64_TO_32_BIT_CONVERSION = YES;
				GCC_WARN_ABOUT_RETURN_TYPE = YES_ERROR;
				GCC_WARN_UNDECLARED_SELECTOR = YES;
				GCC_WARN_UNINITIALIZED_AUTOS = YES_AGGRESSIVE;
				GCC_WARN_UNUSED_FUNCTION = YES;
				GCC_WARN_UNUSED_VARIABLE = YES;
				IPHONEOS_DEPLOYMENT_TARGET = 8.0;
				ONLY_ACTIVE_ARCH = YES;
				SDKROOT = iphoneos;
				TARGETED_DEVICE_FAMILY = "1,2";
			};
			name = Debug;
		};
		6003F5BE195388D20070C39A /* Release */ = {
			isa = XCBuildConfiguration;
			buildSettings = {
				ALWAYS_SEARCH_USER_PATHS = NO;
				CLANG_CXX_LANGUAGE_STANDARD = "gnu++0x";
				CLANG_CXX_LIBRARY = "libc++";
				CLANG_ENABLE_MODULES = YES;
				CLANG_ENABLE_OBJC_ARC = YES;
				CLANG_WARN_BOOL_CONVERSION = YES;
				CLANG_WARN_CONSTANT_CONVERSION = YES;
				CLANG_WARN_DIRECT_OBJC_ISA_USAGE = YES_ERROR;
				CLANG_WARN_EMPTY_BODY = YES;
				CLANG_WARN_ENUM_CONVERSION = YES;
				CLANG_WARN_INT_CONVERSION = YES;
				CLANG_WARN_OBJC_ROOT_CLASS = YES_ERROR;
				CLANG_WARN__DUPLICATE_METHOD_MATCH = YES;
				"CODE_SIGN_IDENTITY[sdk=iphoneos*]" = "iPhone Developer";
				COPY_PHASE_STRIP = YES;
				ENABLE_NS_ASSERTIONS = NO;
				GCC_C_LANGUAGE_STANDARD = gnu99;
				GCC_WARN_64_TO_32_BIT_CONVERSION = YES;
				GCC_WARN_ABOUT_RETURN_TYPE = YES_ERROR;
				GCC_WARN_UNDECLARED_SELECTOR = YES;
				GCC_WARN_UNINITIALIZED_AUTOS = YES_AGGRESSIVE;
				GCC_WARN_UNUSED_FUNCTION = YES;
				GCC_WARN_UNUSED_VARIABLE = YES;
				IPHONEOS_DEPLOYMENT_TARGET = 8.0;
				SDKROOT = iphoneos;
				TARGETED_DEVICE_FAMILY = "1,2";
				VALIDATE_PRODUCT = YES;
			};
			name = Release;
		};
		6003F5C0195388D20070C39A /* Debug */ = {
			isa = XCBuildConfiguration;
			baseConfigurationReference = D53DCF03032268799FEBA2BF /* Pods-RiotApi_Example.debug.xcconfig */;
			buildSettings = {
				ASSETCATALOG_COMPILER_APPICON_NAME = AppIcon;
				ASSETCATALOG_COMPILER_LAUNCHIMAGE_NAME = LaunchImage;
				GCC_PRECOMPILE_PREFIX_HEADER = YES;
				GCC_PREFIX_HEADER = "RiotApi/RiotApi-Prefix.pch";
				INFOPLIST_FILE = "RiotApi/RiotApi-Info.plist";
				MODULE_NAME = ExampleApp;
				PRODUCT_NAME = "$(TARGET_NAME)";
				WRAPPER_EXTENSION = app;
			};
			name = Debug;
		};
		6003F5C1195388D20070C39A /* Release */ = {
			isa = XCBuildConfiguration;
			baseConfigurationReference = 42D4222E99A65E57EA4B9E5E /* Pods-RiotApi_Example.release.xcconfig */;
			buildSettings = {
				ASSETCATALOG_COMPILER_APPICON_NAME = AppIcon;
				ASSETCATALOG_COMPILER_LAUNCHIMAGE_NAME = LaunchImage;
				GCC_PRECOMPILE_PREFIX_HEADER = YES;
				GCC_PREFIX_HEADER = "RiotApi/RiotApi-Prefix.pch";
				INFOPLIST_FILE = "RiotApi/RiotApi-Info.plist";
				MODULE_NAME = ExampleApp;
				PRODUCT_NAME = "$(TARGET_NAME)";
				WRAPPER_EXTENSION = app;
			};
			name = Release;
		};
		6003F5C3195388D20070C39A /* Debug */ = {
			isa = XCBuildConfiguration;
			baseConfigurationReference = 403FF73D401AF7E8EE14BF26 /* Pods-RiotApi_Tests.debug.xcconfig */;
			buildSettings = {
				BUNDLE_LOADER = "$(TEST_HOST)";
				FRAMEWORK_SEARCH_PATHS = (
					"$(SDKROOT)/Developer/Library/Frameworks",
					"$(inherited)",
					"$(DEVELOPER_FRAMEWORKS_DIR)",
				);
				GCC_PRECOMPILE_PREFIX_HEADER = YES;
				GCC_PREFIX_HEADER = "Tests/Tests-Prefix.pch";
				GCC_PREPROCESSOR_DEFINITIONS = (
					"DEBUG=1",
					"$(inherited)",
				);
				INFOPLIST_FILE = "Tests/Tests-Info.plist";
				PRODUCT_NAME = "$(TARGET_NAME)";
				TEST_HOST = "$(BUILT_PRODUCTS_DIR)/RiotApi_Example.app/RiotApi_Example";
				WRAPPER_EXTENSION = xctest;
			};
			name = Debug;
		};
		6003F5C4195388D20070C39A /* Release */ = {
			isa = XCBuildConfiguration;
			baseConfigurationReference = 5D2782EE924428D721843EAD /* Pods-RiotApi_Tests.release.xcconfig */;
			buildSettings = {
				BUNDLE_LOADER = "$(TEST_HOST)";
				FRAMEWORK_SEARCH_PATHS = (
					"$(SDKROOT)/Developer/Library/Frameworks",
					"$(inherited)",
					"$(DEVELOPER_FRAMEWORKS_DIR)",
				);
				GCC_PRECOMPILE_PREFIX_HEADER = YES;
				GCC_PREFIX_HEADER = "Tests/Tests-Prefix.pch";
				INFOPLIST_FILE = "Tests/Tests-Info.plist";
				PRODUCT_NAME = "$(TARGET_NAME)";
				TEST_HOST = "$(BUILT_PRODUCTS_DIR)/RiotApi_Example.app/RiotApi_Example";
				WRAPPER_EXTENSION = xctest;
			};
			name = Release;
		};
/* End XCBuildConfiguration section */

/* Begin XCConfigurationList section */
		6003F585195388D10070C39A /* Build configuration list for PBXProject "RiotApi" */ = {
			isa = XCConfigurationList;
			buildConfigurations = (
				6003F5BD195388D20070C39A /* Debug */,
				6003F5BE195388D20070C39A /* Release */,
			);
			defaultConfigurationIsVisible = 0;
			defaultConfigurationName = Release;
		};
		6003F5BF195388D20070C39A /* Build configuration list for PBXNativeTarget "RiotApi_Example" */ = {
			isa = XCConfigurationList;
			buildConfigurations = (
				6003F5C0195388D20070C39A /* Debug */,
				6003F5C1195388D20070C39A /* Release */,
			);
			defaultConfigurationIsVisible = 0;
			defaultConfigurationName = Release;
		};
		6003F5C2195388D20070C39A /* Build configuration list for PBXNativeTarget "RiotApi_Tests" */ = {
			isa = XCConfigurationList;
			buildConfigurations = (
				6003F5C3195388D20070C39A /* Debug */,
				6003F5C4195388D20070C39A /* Release */,
			);
			defaultConfigurationIsVisible = 0;
			defaultConfigurationName = Release;
		};
/* End XCConfigurationList section */
	};
	rootObject = 6003F582195388D10070C39A /* Project object */;
}
