// !$*UTF8*$!
{
	archiveVersion = 1;
	classes = {
	};
	objectVersion = 46;
	objects = {

/* Begin PBXBuildFile section */
		6C2D04841B025E6800A2042D /* RiotAPI.framework in CopyFiles */ = {isa = PBXBuildFile; fileRef = 6C2D59FD1B014AB600F2F02A /* RiotAPI.framework */; settings = {ATTRIBUTES = (CodeSignOnCopy, RemoveHeadersOnCopy, ); }; };
		6C2D5A031B014AB600F2F02A /* RiotAPI.h in Headers */ = {isa = PBXBuildFile; fileRef = 6C2D5A021B014AB600F2F02A /* RiotAPI.h */; settings = {ATTRIBUTES = (Public, ); }; };
		6C2D5A091B014AB600F2F02A /* RiotAPI.framework in Frameworks */ = {isa = PBXBuildFile; fileRef = 6C2D59FD1B014AB600F2F02A /* RiotAPI.framework */; };
		6C2D5A101B014AB600F2F02A /* RiotAPITests.m in Sources */ = {isa = PBXBuildFile; fileRef = 6C2D5A0F1B014AB600F2F02A /* RiotAPITests.m */; };
		6C2D5A1C1B0159C700F2F02A /* BaseObject.h in Headers */ = {isa = PBXBuildFile; fileRef = 6C2D5A1A1B0159C700F2F02A /* BaseObject.h */; };
		6C2D5A1D1B0159C700F2F02A /* BaseObject.m in Sources */ = {isa = PBXBuildFile; fileRef = 6C2D5A1B1B0159C700F2F02A /* BaseObject.m */; };
		6C2D5A211B0159E900F2F02A /* Team.h in Headers */ = {isa = PBXBuildFile; fileRef = 6C2D5A1F1B0159E900F2F02A /* Team.h */; };
		6C2D5A221B0159E900F2F02A /* Team.m in Sources */ = {isa = PBXBuildFile; fileRef = 6C2D5A201B0159E900F2F02A /* Team.m */; };
		6C2D5A261B015B5700F2F02A /* NSDate+Utilities.h in Headers */ = {isa = PBXBuildFile; fileRef = 6C2D5A241B015B5700F2F02A /* NSDate+Utilities.h */; };
		6C2D5A271B015B5700F2F02A /* NSDate+Utilities.m in Sources */ = {isa = PBXBuildFile; fileRef = 6C2D5A251B015B5700F2F02A /* NSDate+Utilities.m */; };
		6C2D5A2A1B01605000F2F02A /* MatchHistorySummary.h in Headers */ = {isa = PBXBuildFile; fileRef = 6C2D5A281B01605000F2F02A /* MatchHistorySummary.h */; };
		6C2D5A2B1B01605000F2F02A /* MatchHistorySummary.m in Sources */ = {isa = PBXBuildFile; fileRef = 6C2D5A291B01605000F2F02A /* MatchHistorySummary.m */; };
		6C2D5A2E1B01615500F2F02A /* Roster.h in Headers */ = {isa = PBXBuildFile; fileRef = 6C2D5A2C1B01615500F2F02A /* Roster.h */; };
		6C2D5A2F1B01615500F2F02A /* Roster.m in Sources */ = {isa = PBXBuildFile; fileRef = 6C2D5A2D1B01615500F2F02A /* Roster.m */; };
		6C2D5A321B0161C800F2F02A /* TeamStatDetail.h in Headers */ = {isa = PBXBuildFile; fileRef = 6C2D5A301B0161C800F2F02A /* TeamStatDetail.h */; };
		6C2D5A331B0161C800F2F02A /* TeamStatDetail.m in Sources */ = {isa = PBXBuildFile; fileRef = 6C2D5A311B0161C800F2F02A /* TeamStatDetail.m */; };
		6C2D5A361B0165FA00F2F02A /* TeamMemberInfo.h in Headers */ = {isa = PBXBuildFile; fileRef = 6C2D5A341B0165F900F2F02A /* TeamMemberInfo.h */; };
		6C2D5A371B0165FA00F2F02A /* TeamMemberInfo.m in Sources */ = {isa = PBXBuildFile; fileRef = 6C2D5A351B0165F900F2F02A /* TeamMemberInfo.m */; };
		6C2D5A3B1B01672200F2F02A /* League.h in Headers */ = {isa = PBXBuildFile; fileRef = 6C2D5A391B01672200F2F02A /* League.h */; };
		6C2D5A3C1B01672200F2F02A /* League.m in Sources */ = {isa = PBXBuildFile; fileRef = 6C2D5A3A1B01672200F2F02A /* League.m */; };
		6C2D5A3F1B01675900F2F02A /* LeagueEntry.h in Headers */ = {isa = PBXBuildFile; fileRef = 6C2D5A3D1B01675900F2F02A /* LeagueEntry.h */; };
		6C2D5A401B01675900F2F02A /* LeagueEntry.m in Sources */ = {isa = PBXBuildFile; fileRef = 6C2D5A3E1B01675900F2F02A /* LeagueEntry.m */; };
		6C2D5A431B01680100F2F02A /* MiniSeries.h in Headers */ = {isa = PBXBuildFile; fileRef = 6C2D5A411B01680000F2F02A /* MiniSeries.h */; };
		6C2D5A441B01680100F2F02A /* MiniSeries.m in Sources */ = {isa = PBXBuildFile; fileRef = 6C2D5A421B01680100F2F02A /* MiniSeries.m */; };
		6C8A154D1B02778E00961C36 /* MatchDetail.h in Headers */ = {isa = PBXBuildFile; fileRef = 6C8A154B1B02778E00961C36 /* MatchDetail.h */; };
		6C8A154E1B02778E00961C36 /* MatchDetail.m in Sources */ = {isa = PBXBuildFile; fileRef = 6C8A154C1B02778E00961C36 /* MatchDetail.m */; };
		6C8A15511B02790B00961C36 /* Participant.h in Headers */ = {isa = PBXBuildFile; fileRef = 6C8A154F1B02790B00961C36 /* Participant.h */; };
		6C8A15521B02790B00961C36 /* Participant.m in Sources */ = {isa = PBXBuildFile; fileRef = 6C8A15501B02790B00961C36 /* Participant.m */; };
		6C8A15551B0279FA00961C36 /* ParticipantIdentity.h in Headers */ = {isa = PBXBuildFile; fileRef = 6C8A15531B0279FA00961C36 /* ParticipantIdentity.h */; };
		6C8A15561B0279FA00961C36 /* ParticipantIdentity.m in Sources */ = {isa = PBXBuildFile; fileRef = 6C8A15541B0279FA00961C36 /* ParticipantIdentity.m */; };
		6C8A15591B027A5600961C36 /* ParticipantTeam.h in Headers */ = {isa = PBXBuildFile; fileRef = 6C8A15571B027A5600961C36 /* ParticipantTeam.h */; };
		6C8A155A1B027A5600961C36 /* ParticipantTeam.m in Sources */ = {isa = PBXBuildFile; fileRef = 6C8A15581B027A5600961C36 /* ParticipantTeam.m */; };
		6C8A155D1B027B1F00961C36 /* Timeline.h in Headers */ = {isa = PBXBuildFile; fileRef = 6C8A155B1B027B1E00961C36 /* Timeline.h */; };
		6C8A155E1B027B1F00961C36 /* Timeline.m in Sources */ = {isa = PBXBuildFile; fileRef = 6C8A155C1B027B1F00961C36 /* Timeline.m */; };
		6C8A15611B027B6100961C36 /* ParticipantMastery.h in Headers */ = {isa = PBXBuildFile; fileRef = 6C8A155F1B027B6000961C36 /* ParticipantMastery.h */; };
		6C8A15621B027B6100961C36 /* ParticipantMastery.m in Sources */ = {isa = PBXBuildFile; fileRef = 6C8A15601B027B6100961C36 /* ParticipantMastery.m */; };
		6C8A15651B027B7D00961C36 /* ParticipantStats.h in Headers */ = {isa = PBXBuildFile; fileRef = 6C8A15631B027B7D00961C36 /* ParticipantStats.h */; };
		6C8A15661B027B7D00961C36 /* ParticipantStats.m in Sources */ = {isa = PBXBuildFile; fileRef = 6C8A15641B027B7D00961C36 /* ParticipantStats.m */; };
		6C8A15691B027D0300961C36 /* ParticipantTimeline.h in Headers */ = {isa = PBXBuildFile; fileRef = 6C8A15671B027D0200961C36 /* ParticipantTimeline.h */; };
		6C8A156A1B027D0300961C36 /* ParticipantTimeline.m in Sources */ = {isa = PBXBuildFile; fileRef = 6C8A15681B027D0300961C36 /* ParticipantTimeline.m */; };
		6C8A156D1B027E0300961C36 /* ParticipantRune.h in Headers */ = {isa = PBXBuildFile; fileRef = 6C8A156B1B027E0300961C36 /* ParticipantRune.h */; };
		6C8A156E1B027E0300961C36 /* ParticipantRune.m in Sources */ = {isa = PBXBuildFile; fileRef = 6C8A156C1B027E0300961C36 /* ParticipantRune.m */; };
		6C8A15711B027E2200961C36 /* Player.h in Headers */ = {isa = PBXBuildFile; fileRef = 6C8A156F1B027E2100961C36 /* Player.h */; };
		6C8A15721B027E2200961C36 /* Player.m in Sources */ = {isa = PBXBuildFile; fileRef = 6C8A15701B027E2100961C36 /* Player.m */; };
		6C8A15751B027E8D00961C36 /* BannedChampion.h in Headers */ = {isa = PBXBuildFile; fileRef = 6C8A15731B027E8D00961C36 /* BannedChampion.h */; };
		6C8A15761B027E8D00961C36 /* BannedChampion.m in Sources */ = {isa = PBXBuildFile; fileRef = 6C8A15741B027E8D00961C36 /* BannedChampion.m */; };
		6C8A15791B027EB100961C36 /* Frame.h in Headers */ = {isa = PBXBuildFile; fileRef = 6C8A15771B027EB100961C36 /* Frame.h */; };
		6C8A157A1B027EB100961C36 /* Frame.m in Sources */ = {isa = PBXBuildFile; fileRef = 6C8A15781B027EB100961C36 /* Frame.m */; };
		6C8A157D1B02805E00961C36 /* ParticipantTimelineData.h in Headers */ = {isa = PBXBuildFile; fileRef = 6C8A157B1B02805E00961C36 /* ParticipantTimelineData.h */; };
		6C8A157E1B02805E00961C36 /* ParticipantTimelineData.m in Sources */ = {isa = PBXBuildFile; fileRef = 6C8A157C1B02805E00961C36 /* ParticipantTimelineData.m */; };
		6C8A15811B0280B300961C36 /* Event.h in Headers */ = {isa = PBXBuildFile; fileRef = 6C8A157F1B0280B200961C36 /* Event.h */; };
		6C8A15821B0280B300961C36 /* Event.m in Sources */ = {isa = PBXBuildFile; fileRef = 6C8A15801B0280B200961C36 /* Event.m */; };
		6C8A15851B02823400961C36 /* ParticipantFrame.h in Headers */ = {isa = PBXBuildFile; fileRef = 6C8A15831B02823300961C36 /* ParticipantFrame.h */; };
		6C8A15861B02823400961C36 /* ParticipantFrame.m in Sources */ = {isa = PBXBuildFile; fileRef = 6C8A15841B02823300961C36 /* ParticipantFrame.m */; };
		6C8A15891B0282B300961C36 /* Position.h in Headers */ = {isa = PBXBuildFile; fileRef = 6C8A15871B0282B300961C36 /* Position.h */; };
		6C8A158A1B0282B300961C36 /* Position.m in Sources */ = {isa = PBXBuildFile; fileRef = 6C8A15881B0282B300961C36 /* Position.m */; };
		A965FCD373FD63F8A7612CAC /* libPods.a in Frameworks */ = {isa = PBXBuildFile; fileRef = 04BED92E4193D2983285A8E6 /* libPods.a */; };
/* End PBXBuildFile section */

/* Begin PBXContainerItemProxy section */
		6C2D5A0A1B014AB600F2F02A /* PBXContainerItemProxy */ = {
			isa = PBXContainerItemProxy;
			containerPortal = 6C2D59F41B014AB600F2F02A /* Project object */;
			proxyType = 1;
			remoteGlobalIDString = 6C2D59FC1B014AB600F2F02A;
			remoteInfo = RiotAPI;
		};
/* End PBXContainerItemProxy section */

/* Begin PBXCopyFilesBuildPhase section */
		6C2D04831B025E6100A2042D /* CopyFiles */ = {
			isa = PBXCopyFilesBuildPhase;
			buildActionMask = 2147483647;
			dstPath = "";
			dstSubfolderSpec = 10;
			files = (
				6C2D04841B025E6800A2042D /* RiotAPI.framework in CopyFiles */,
			);
			runOnlyForDeploymentPostprocessing = 0;
		};
/* End PBXCopyFilesBuildPhase section */

/* Begin PBXFileReference section */
		04BED92E4193D2983285A8E6 /* libPods.a */ = {isa = PBXFileReference; explicitFileType = archive.ar; includeInIndex = 0; path = libPods.a; sourceTree = BUILT_PRODUCTS_DIR; };
		6C2D59FD1B014AB600F2F02A /* RiotAPI.framework */ = {isa = PBXFileReference; explicitFileType = wrapper.framework; includeInIndex = 0; path = RiotAPI.framework; sourceTree = BUILT_PRODUCTS_DIR; };
		6C2D5A011B014AB600F2F02A /* Info.plist */ = {isa = PBXFileReference; lastKnownFileType = text.plist.xml; path = Info.plist; sourceTree = "<group>"; };
		6C2D5A021B014AB600F2F02A /* RiotAPI.h */ = {isa = PBXFileReference; lastKnownFileType = sourcecode.c.h; path = RiotAPI.h; sourceTree = "<group>"; };
		6C2D5A081B014AB600F2F02A /* RiotAPITests.xctest */ = {isa = PBXFileReference; explicitFileType = wrapper.cfbundle; includeInIndex = 0; path = RiotAPITests.xctest; sourceTree = BUILT_PRODUCTS_DIR; };
		6C2D5A0E1B014AB600F2F02A /* Info.plist */ = {isa = PBXFileReference; lastKnownFileType = text.plist.xml; path = Info.plist; sourceTree = "<group>"; };
		6C2D5A0F1B014AB600F2F02A /* RiotAPITests.m */ = {isa = PBXFileReference; lastKnownFileType = sourcecode.c.objc; path = RiotAPITests.m; sourceTree = "<group>"; };
		6C2D5A1A1B0159C700F2F02A /* BaseObject.h */ = {isa = PBXFileReference; fileEncoding = 4; lastKnownFileType = sourcecode.c.h; path = BaseObject.h; sourceTree = "<group>"; };
		6C2D5A1B1B0159C700F2F02A /* BaseObject.m */ = {isa = PBXFileReference; fileEncoding = 4; lastKnownFileType = sourcecode.c.objc; path = BaseObject.m; sourceTree = "<group>"; };
		6C2D5A1F1B0159E900F2F02A /* Team.h */ = {isa = PBXFileReference; fileEncoding = 4; lastKnownFileType = sourcecode.c.h; path = Team.h; sourceTree = "<group>"; };
		6C2D5A201B0159E900F2F02A /* Team.m */ = {isa = PBXFileReference; fileEncoding = 4; lastKnownFileType = sourcecode.c.objc; path = Team.m; sourceTree = "<group>"; };
		6C2D5A241B015B5700F2F02A /* NSDate+Utilities.h */ = {isa = PBXFileReference; fileEncoding = 4; lastKnownFileType = sourcecode.c.h; path = "NSDate+Utilities.h"; sourceTree = "<group>"; };
		6C2D5A251B015B5700F2F02A /* NSDate+Utilities.m */ = {isa = PBXFileReference; fileEncoding = 4; lastKnownFileType = sourcecode.c.objc; path = "NSDate+Utilities.m"; sourceTree = "<group>"; };
		6C2D5A281B01605000F2F02A /* MatchHistorySummary.h */ = {isa = PBXFileReference; fileEncoding = 4; lastKnownFileType = sourcecode.c.h; path = MatchHistorySummary.h; sourceTree = "<group>"; };
		6C2D5A291B01605000F2F02A /* MatchHistorySummary.m */ = {isa = PBXFileReference; fileEncoding = 4; lastKnownFileType = sourcecode.c.objc; path = MatchHistorySummary.m; sourceTree = "<group>"; };
		6C2D5A2C1B01615500F2F02A /* Roster.h */ = {isa = PBXFileReference; fileEncoding = 4; lastKnownFileType = sourcecode.c.h; path = Roster.h; sourceTree = "<group>"; };
		6C2D5A2D1B01615500F2F02A /* Roster.m */ = {isa = PBXFileReference; fileEncoding = 4; lastKnownFileType = sourcecode.c.objc; path = Roster.m; sourceTree = "<group>"; };
		6C2D5A301B0161C800F2F02A /* TeamStatDetail.h */ = {isa = PBXFileReference; fileEncoding = 4; lastKnownFileType = sourcecode.c.h; path = TeamStatDetail.h; sourceTree = "<group>"; };
		6C2D5A311B0161C800F2F02A /* TeamStatDetail.m */ = {isa = PBXFileReference; fileEncoding = 4; lastKnownFileType = sourcecode.c.objc; path = TeamStatDetail.m; sourceTree = "<group>"; };
		6C2D5A341B0165F900F2F02A /* TeamMemberInfo.h */ = {isa = PBXFileReference; fileEncoding = 4; lastKnownFileType = sourcecode.c.h; path = TeamMemberInfo.h; sourceTree = "<group>"; };
		6C2D5A351B0165F900F2F02A /* TeamMemberInfo.m */ = {isa = PBXFileReference; fileEncoding = 4; lastKnownFileType = sourcecode.c.objc; path = TeamMemberInfo.m; sourceTree = "<group>"; };
		6C2D5A391B01672200F2F02A /* League.h */ = {isa = PBXFileReference; fileEncoding = 4; lastKnownFileType = sourcecode.c.h; path = League.h; sourceTree = "<group>"; };
		6C2D5A3A1B01672200F2F02A /* League.m */ = {isa = PBXFileReference; fileEncoding = 4; lastKnownFileType = sourcecode.c.objc; path = League.m; sourceTree = "<group>"; };
		6C2D5A3D1B01675900F2F02A /* LeagueEntry.h */ = {isa = PBXFileReference; fileEncoding = 4; lastKnownFileType = sourcecode.c.h; path = LeagueEntry.h; sourceTree = "<group>"; };
		6C2D5A3E1B01675900F2F02A /* LeagueEntry.m */ = {isa = PBXFileReference; fileEncoding = 4; lastKnownFileType = sourcecode.c.objc; path = LeagueEntry.m; sourceTree = "<group>"; };
		6C2D5A411B01680000F2F02A /* MiniSeries.h */ = {isa = PBXFileReference; fileEncoding = 4; lastKnownFileType = sourcecode.c.h; path = MiniSeries.h; sourceTree = "<group>"; };
		6C2D5A421B01680100F2F02A /* MiniSeries.m */ = {isa = PBXFileReference; fileEncoding = 4; lastKnownFileType = sourcecode.c.objc; path = MiniSeries.m; sourceTree = "<group>"; };
		6C8A154B1B02778E00961C36 /* MatchDetail.h */ = {isa = PBXFileReference; fileEncoding = 4; lastKnownFileType = sourcecode.c.h; path = MatchDetail.h; sourceTree = "<group>"; };
		6C8A154C1B02778E00961C36 /* MatchDetail.m */ = {isa = PBXFileReference; fileEncoding = 4; lastKnownFileType = sourcecode.c.objc; path = MatchDetail.m; sourceTree = "<group>"; };
		6C8A154F1B02790B00961C36 /* Participant.h */ = {isa = PBXFileReference; fileEncoding = 4; lastKnownFileType = sourcecode.c.h; path = Participant.h; sourceTree = "<group>"; };
		6C8A15501B02790B00961C36 /* Participant.m */ = {isa = PBXFileReference; fileEncoding = 4; lastKnownFileType = sourcecode.c.objc; path = Participant.m; sourceTree = "<group>"; };
		6C8A15531B0279FA00961C36 /* ParticipantIdentity.h */ = {isa = PBXFileReference; fileEncoding = 4; lastKnownFileType = sourcecode.c.h; path = ParticipantIdentity.h; sourceTree = "<group>"; };
		6C8A15541B0279FA00961C36 /* ParticipantIdentity.m */ = {isa = PBXFileReference; fileEncoding = 4; lastKnownFileType = sourcecode.c.objc; path = ParticipantIdentity.m; sourceTree = "<group>"; };
		6C8A15571B027A5600961C36 /* ParticipantTeam.h */ = {isa = PBXFileReference; fileEncoding = 4; lastKnownFileType = sourcecode.c.h; path = ParticipantTeam.h; sourceTree = "<group>"; };
		6C8A15581B027A5600961C36 /* ParticipantTeam.m */ = {isa = PBXFileReference; fileEncoding = 4; lastKnownFileType = sourcecode.c.objc; path = ParticipantTeam.m; sourceTree = "<group>"; };
		6C8A155B1B027B1E00961C36 /* Timeline.h */ = {isa = PBXFileReference; fileEncoding = 4; lastKnownFileType = sourcecode.c.h; path = Timeline.h; sourceTree = "<group>"; };
		6C8A155C1B027B1F00961C36 /* Timeline.m */ = {isa = PBXFileReference; fileEncoding = 4; lastKnownFileType = sourcecode.c.objc; path = Timeline.m; sourceTree = "<group>"; };
		6C8A155F1B027B6000961C36 /* ParticipantMastery.h */ = {isa = PBXFileReference; fileEncoding = 4; lastKnownFileType = sourcecode.c.h; path = ParticipantMastery.h; sourceTree = "<group>"; };
		6C8A15601B027B6100961C36 /* ParticipantMastery.m */ = {isa = PBXFileReference; fileEncoding = 4; lastKnownFileType = sourcecode.c.objc; path = ParticipantMastery.m; sourceTree = "<group>"; };
		6C8A15631B027B7D00961C36 /* ParticipantStats.h */ = {isa = PBXFileReference; fileEncoding = 4; lastKnownFileType = sourcecode.c.h; path = ParticipantStats.h; sourceTree = "<group>"; };
		6C8A15641B027B7D00961C36 /* ParticipantStats.m */ = {isa = PBXFileReference; fileEncoding = 4; lastKnownFileType = sourcecode.c.objc; path = ParticipantStats.m; sourceTree = "<group>"; };
		6C8A15671B027D0200961C36 /* ParticipantTimeline.h */ = {isa = PBXFileReference; fileEncoding = 4; lastKnownFileType = sourcecode.c.h; path = ParticipantTimeline.h; sourceTree = "<group>"; };
		6C8A15681B027D0300961C36 /* ParticipantTimeline.m */ = {isa = PBXFileReference; fileEncoding = 4; lastKnownFileType = sourcecode.c.objc; path = ParticipantTimeline.m; sourceTree = "<group>"; };
		6C8A156B1B027E0300961C36 /* ParticipantRune.h */ = {isa = PBXFileReference; fileEncoding = 4; lastKnownFileType = sourcecode.c.h; path = ParticipantRune.h; sourceTree = "<group>"; };
		6C8A156C1B027E0300961C36 /* ParticipantRune.m */ = {isa = PBXFileReference; fileEncoding = 4; lastKnownFileType = sourcecode.c.objc; path = ParticipantRune.m; sourceTree = "<group>"; };
		6C8A156F1B027E2100961C36 /* Player.h */ = {isa = PBXFileReference; fileEncoding = 4; lastKnownFileType = sourcecode.c.h; path = Player.h; sourceTree = "<group>"; };
		6C8A15701B027E2100961C36 /* Player.m */ = {isa = PBXFileReference; fileEncoding = 4; lastKnownFileType = sourcecode.c.objc; path = Player.m; sourceTree = "<group>"; };
		6C8A15731B027E8D00961C36 /* BannedChampion.h */ = {isa = PBXFileReference; fileEncoding = 4; lastKnownFileType = sourcecode.c.h; path = BannedChampion.h; sourceTree = "<group>"; };
		6C8A15741B027E8D00961C36 /* BannedChampion.m */ = {isa = PBXFileReference; fileEncoding = 4; lastKnownFileType = sourcecode.c.objc; path = BannedChampion.m; sourceTree = "<group>"; };
		6C8A15771B027EB100961C36 /* Frame.h */ = {isa = PBXFileReference; fileEncoding = 4; lastKnownFileType = sourcecode.c.h; path = Frame.h; sourceTree = "<group>"; };
		6C8A15781B027EB100961C36 /* Frame.m */ = {isa = PBXFileReference; fileEncoding = 4; lastKnownFileType = sourcecode.c.objc; path = Frame.m; sourceTree = "<group>"; };
		6C8A157B1B02805E00961C36 /* ParticipantTimelineData.h */ = {isa = PBXFileReference; fileEncoding = 4; lastKnownFileType = sourcecode.c.h; path = ParticipantTimelineData.h; sourceTree = "<group>"; };
		6C8A157C1B02805E00961C36 /* ParticipantTimelineData.m */ = {isa = PBXFileReference; fileEncoding = 4; lastKnownFileType = sourcecode.c.objc; path = ParticipantTimelineData.m; sourceTree = "<group>"; };
		6C8A157F1B0280B200961C36 /* Event.h */ = {isa = PBXFileReference; fileEncoding = 4; lastKnownFileType = sourcecode.c.h; path = Event.h; sourceTree = "<group>"; };
		6C8A15801B0280B200961C36 /* Event.m */ = {isa = PBXFileReference; fileEncoding = 4; lastKnownFileType = sourcecode.c.objc; path = Event.m; sourceTree = "<group>"; };
		6C8A15831B02823300961C36 /* ParticipantFrame.h */ = {isa = PBXFileReference; fileEncoding = 4; lastKnownFileType = sourcecode.c.h; path = ParticipantFrame.h; sourceTree = "<group>"; };
		6C8A15841B02823300961C36 /* ParticipantFrame.m */ = {isa = PBXFileReference; fileEncoding = 4; lastKnownFileType = sourcecode.c.objc; path = ParticipantFrame.m; sourceTree = "<group>"; };
		6C8A15871B0282B300961C36 /* Position.h */ = {isa = PBXFileReference; fileEncoding = 4; lastKnownFileType = sourcecode.c.h; path = Position.h; sourceTree = "<group>"; };
		6C8A15881B0282B300961C36 /* Position.m */ = {isa = PBXFileReference; fileEncoding = 4; lastKnownFileType = sourcecode.c.objc; path = Position.m; sourceTree = "<group>"; };
		BE3901F004469939F3D98870 /* Pods.release.xcconfig */ = {isa = PBXFileReference; includeInIndex = 1; lastKnownFileType = text.xcconfig; name = Pods.release.xcconfig; path = "Pods/Target Support Files/Pods/Pods.release.xcconfig"; sourceTree = "<group>"; };
		F1880BF342A6FF8C7ADDC983 /* Pods.debug.xcconfig */ = {isa = PBXFileReference; includeInIndex = 1; lastKnownFileType = text.xcconfig; name = Pods.debug.xcconfig; path = "Pods/Target Support Files/Pods/Pods.debug.xcconfig"; sourceTree = "<group>"; };
/* End PBXFileReference section */

/* Begin PBXFrameworksBuildPhase section */
		6C2D59F91B014AB600F2F02A /* Frameworks */ = {
			isa = PBXFrameworksBuildPhase;
			buildActionMask = 2147483647;
			files = (
				A965FCD373FD63F8A7612CAC /* libPods.a in Frameworks */,
			);
			runOnlyForDeploymentPostprocessing = 0;
		};
		6C2D5A051B014AB600F2F02A /* Frameworks */ = {
			isa = PBXFrameworksBuildPhase;
			buildActionMask = 2147483647;
			files = (
				6C2D5A091B014AB600F2F02A /* RiotAPI.framework in Frameworks */,
			);
			runOnlyForDeploymentPostprocessing = 0;
		};
/* End PBXFrameworksBuildPhase section */

/* Begin PBXGroup section */
		6C2D59F31B014AB600F2F02A = {
			isa = PBXGroup;
			children = (
				6C2D59FF1B014AB600F2F02A /* RiotAPI */,
				6C2D5A0C1B014AB600F2F02A /* RiotAPITests */,
				6C2D59FE1B014AB600F2F02A /* Products */,
				FBAEA1374E475816ED0EE389 /* Pods */,
				FA13C2CB78A6938940D7D40F /* Frameworks */,
			);
			sourceTree = "<group>";
		};
		6C2D59FE1B014AB600F2F02A /* Products */ = {
			isa = PBXGroup;
			children = (
				6C2D59FD1B014AB600F2F02A /* RiotAPI.framework */,
				6C2D5A081B014AB600F2F02A /* RiotAPITests.xctest */,
			);
			name = Products;
			sourceTree = "<group>";
		};
		6C2D59FF1B014AB600F2F02A /* RiotAPI */ = {
			isa = PBXGroup;
			children = (
				6C2D5A231B015B3B00F2F02A /* Categories */,
				6C2D5A191B0159B800F2F02A /* Models */,
				6C2D5A021B014AB600F2F02A /* RiotAPI.h */,
				6C2D5A001B014AB600F2F02A /* Supporting Files */,
			);
			path = RiotAPI;
			sourceTree = "<group>";
		};
		6C2D5A001B014AB600F2F02A /* Supporting Files */ = {
			isa = PBXGroup;
			children = (
				6C2D5A011B014AB600F2F02A /* Info.plist */,
			);
			name = "Supporting Files";
			sourceTree = "<group>";
		};
		6C2D5A0C1B014AB600F2F02A /* RiotAPITests */ = {
			isa = PBXGroup;
			children = (
				6C2D5A0F1B014AB600F2F02A /* RiotAPITests.m */,
				6C2D5A0D1B014AB600F2F02A /* Supporting Files */,
			);
			path = RiotAPITests;
			sourceTree = "<group>";
		};
		6C2D5A0D1B014AB600F2F02A /* Supporting Files */ = {
			isa = PBXGroup;
			children = (
				6C2D5A0E1B014AB600F2F02A /* Info.plist */,
			);
			name = "Supporting Files";
			sourceTree = "<group>";
		};
		6C2D5A191B0159B800F2F02A /* Models */ = {
			isa = PBXGroup;
			children = (
				6C8A154A1B02777500961C36 /* Match */,
				6C2D5A381B01671900F2F02A /* League */,
				6C2D5A1E1B0159E200F2F02A /* Team */,
				6C2D5A1A1B0159C700F2F02A /* BaseObject.h */,
				6C2D5A1B1B0159C700F2F02A /* BaseObject.m */,
			);
			path = Models;
			sourceTree = "<group>";
		};
		6C2D5A1E1B0159E200F2F02A /* Team */ = {
			isa = PBXGroup;
			children = (
				6C2D5A1F1B0159E900F2F02A /* Team.h */,
				6C2D5A201B0159E900F2F02A /* Team.m */,
				6C2D5A281B01605000F2F02A /* MatchHistorySummary.h */,
				6C2D5A291B01605000F2F02A /* MatchHistorySummary.m */,
				6C2D5A2C1B01615500F2F02A /* Roster.h */,
				6C2D5A2D1B01615500F2F02A /* Roster.m */,
				6C2D5A301B0161C800F2F02A /* TeamStatDetail.h */,
				6C2D5A311B0161C800F2F02A /* TeamStatDetail.m */,
				6C2D5A341B0165F900F2F02A /* TeamMemberInfo.h */,
				6C2D5A351B0165F900F2F02A /* TeamMemberInfo.m */,
			);
			path = Team;
			sourceTree = "<group>";
		};
		6C2D5A231B015B3B00F2F02A /* Categories */ = {
			isa = PBXGroup;
			children = (
				6C2D5A241B015B5700F2F02A /* NSDate+Utilities.h */,
				6C2D5A251B015B5700F2F02A /* NSDate+Utilities.m */,
			);
			path = Categories;
			sourceTree = "<group>";
		};
		6C2D5A381B01671900F2F02A /* League */ = {
			isa = PBXGroup;
			children = (
				6C2D5A391B01672200F2F02A /* League.h */,
				6C2D5A3A1B01672200F2F02A /* League.m */,
				6C2D5A3D1B01675900F2F02A /* LeagueEntry.h */,
				6C2D5A3E1B01675900F2F02A /* LeagueEntry.m */,
				6C2D5A411B01680000F2F02A /* MiniSeries.h */,
				6C2D5A421B01680100F2F02A /* MiniSeries.m */,
			);
			path = League;
			sourceTree = "<group>";
		};
		6C8A154A1B02777500961C36 /* Match */ = {
			isa = PBXGroup;
			children = (
				6C8A154B1B02778E00961C36 /* MatchDetail.h */,
				6C8A154C1B02778E00961C36 /* MatchDetail.m */,
				6C8A154F1B02790B00961C36 /* Participant.h */,
				6C8A15501B02790B00961C36 /* Participant.m */,
				6C8A15531B0279FA00961C36 /* ParticipantIdentity.h */,
				6C8A15541B0279FA00961C36 /* ParticipantIdentity.m */,
				6C8A15571B027A5600961C36 /* ParticipantTeam.h */,
				6C8A15581B027A5600961C36 /* ParticipantTeam.m */,
				6C8A155B1B027B1E00961C36 /* Timeline.h */,
				6C8A155C1B027B1F00961C36 /* Timeline.m */,
				6C8A155F1B027B6000961C36 /* ParticipantMastery.h */,
				6C8A15601B027B6100961C36 /* ParticipantMastery.m */,
				6C8A15631B027B7D00961C36 /* ParticipantStats.h */,
				6C8A15641B027B7D00961C36 /* ParticipantStats.m */,
				6C8A15671B027D0200961C36 /* ParticipantTimeline.h */,
				6C8A15681B027D0300961C36 /* ParticipantTimeline.m */,
				6C8A156B1B027E0300961C36 /* ParticipantRune.h */,
				6C8A156C1B027E0300961C36 /* ParticipantRune.m */,
				6C8A156F1B027E2100961C36 /* Player.h */,
				6C8A15701B027E2100961C36 /* Player.m */,
				6C8A15731B027E8D00961C36 /* BannedChampion.h */,
				6C8A15741B027E8D00961C36 /* BannedChampion.m */,
				6C8A15771B027EB100961C36 /* Frame.h */,
				6C8A15781B027EB100961C36 /* Frame.m */,
				6C8A157B1B02805E00961C36 /* ParticipantTimelineData.h */,
				6C8A157C1B02805E00961C36 /* ParticipantTimelineData.m */,
				6C8A157F1B0280B200961C36 /* Event.h */,
				6C8A15801B0280B200961C36 /* Event.m */,
				6C8A15831B02823300961C36 /* ParticipantFrame.h */,
				6C8A15841B02823300961C36 /* ParticipantFrame.m */,
				6C8A15871B0282B300961C36 /* Position.h */,
				6C8A15881B0282B300961C36 /* Position.m */,
			);
			path = Match;
			sourceTree = "<group>";
		};
		FA13C2CB78A6938940D7D40F /* Frameworks */ = {
			isa = PBXGroup;
			children = (
				04BED92E4193D2983285A8E6 /* libPods.a */,
			);
			name = Frameworks;
			sourceTree = "<group>";
		};
		FBAEA1374E475816ED0EE389 /* Pods */ = {
			isa = PBXGroup;
			children = (
				F1880BF342A6FF8C7ADDC983 /* Pods.debug.xcconfig */,
				BE3901F004469939F3D98870 /* Pods.release.xcconfig */,
			);
			name = Pods;
			sourceTree = "<group>";
		};
/* End PBXGroup section */

/* Begin PBXHeadersBuildPhase section */
		6C2D59FA1B014AB600F2F02A /* Headers */ = {
			isa = PBXHeadersBuildPhase;
			buildActionMask = 2147483647;
			files = (
				6C8A15791B027EB100961C36 /* Frame.h in Headers */,
				6C8A15651B027B7D00961C36 /* ParticipantStats.h in Headers */,
				6C2D5A211B0159E900F2F02A /* Team.h in Headers */,
				6C2D5A361B0165FA00F2F02A /* TeamMemberInfo.h in Headers */,
				6C2D5A3F1B01675900F2F02A /* LeagueEntry.h in Headers */,
				6C2D5A2A1B01605000F2F02A /* MatchHistorySummary.h in Headers */,
				6C2D5A321B0161C800F2F02A /* TeamStatDetail.h in Headers */,
				6C2D5A1C1B0159C700F2F02A /* BaseObject.h in Headers */,
				6C2D5A3B1B01672200F2F02A /* League.h in Headers */,
				6C8A15691B027D0300961C36 /* ParticipantTimeline.h in Headers */,
				6C8A155D1B027B1F00961C36 /* Timeline.h in Headers */,
				6C2D5A2E1B01615500F2F02A /* Roster.h in Headers */,
				6C8A15851B02823400961C36 /* ParticipantFrame.h in Headers */,
				6C8A15811B0280B300961C36 /* Event.h in Headers */,
				6C8A15591B027A5600961C36 /* ParticipantTeam.h in Headers */,
				6C8A156D1B027E0300961C36 /* ParticipantRune.h in Headers */,
				6C2D5A431B01680100F2F02A /* MiniSeries.h in Headers */,
				6C8A157D1B02805E00961C36 /* ParticipantTimelineData.h in Headers */,
				6C2D5A261B015B5700F2F02A /* NSDate+Utilities.h in Headers */,
				6C8A15711B027E2200961C36 /* Player.h in Headers */,
				6C8A15891B0282B300961C36 /* Position.h in Headers */,
				6C8A15611B027B6100961C36 /* ParticipantMastery.h in Headers */,
				6C8A15751B027E8D00961C36 /* BannedChampion.h in Headers */,
				6C8A15551B0279FA00961C36 /* ParticipantIdentity.h in Headers */,
				6C2D5A031B014AB600F2F02A /* RiotAPI.h in Headers */,
				6C8A154D1B02778E00961C36 /* MatchDetail.h in Headers */,
				6C8A15511B02790B00961C36 /* Participant.h in Headers */,
			);
			runOnlyForDeploymentPostprocessing = 0;
		};
/* End PBXHeadersBuildPhase section */

/* Begin PBXNativeTarget section */
		6C2D59FC1B014AB600F2F02A /* RiotAPI */ = {
			isa = PBXNativeTarget;
			buildConfigurationList = 6C2D5A131B014AB600F2F02A /* Build configuration list for PBXNativeTarget "RiotAPI" */;
			buildPhases = (
				74ABA9E1F009E06951AA9EC4 /* Check Pods Manifest.lock */,
				6C2D59F81B014AB600F2F02A /* Sources */,
				6C2D59F91B014AB600F2F02A /* Frameworks */,
				6C2D59FA1B014AB600F2F02A /* Headers */,
				6C2D59FB1B014AB600F2F02A /* Resources */,
				96E2BBA1C1796FC255C5D2C8 /* Copy Pods Resources */,
			);
			buildRules = (
			);
			dependencies = (
			);
			name = RiotAPI;
			productName = RiotAPI;
			productReference = 6C2D59FD1B014AB600F2F02A /* RiotAPI.framework */;
			productType = "com.apple.product-type.framework";
		};
		6C2D5A071B014AB600F2F02A /* RiotAPITests */ = {
			isa = PBXNativeTarget;
			buildConfigurationList = 6C2D5A161B014AB600F2F02A /* Build configuration list for PBXNativeTarget "RiotAPITests" */;
			buildPhases = (
				6C2D5A041B014AB600F2F02A /* Sources */,
				6C2D5A051B014AB600F2F02A /* Frameworks */,
				6C2D5A061B014AB600F2F02A /* Resources */,
				6C2D04831B025E6100A2042D /* CopyFiles */,
			);
			buildRules = (
			);
			dependencies = (
				6C2D5A0B1B014AB600F2F02A /* PBXTargetDependency */,
			);
			name = RiotAPITests;
			productName = RiotAPITests;
			productReference = 6C2D5A081B014AB600F2F02A /* RiotAPITests.xctest */;
			productType = "com.apple.product-type.bundle.unit-test";
		};
/* End PBXNativeTarget section */

/* Begin PBXProject section */
		6C2D59F41B014AB600F2F02A /* Project object */ = {
			isa = PBXProject;
			attributes = {
				LastUpgradeCheck = 0630;
				ORGANIZATIONNAME = "James Glenn";
				TargetAttributes = {
					6C2D59FC1B014AB600F2F02A = {
						CreatedOnToolsVersion = 6.3.1;
					};
					6C2D5A071B014AB600F2F02A = {
						CreatedOnToolsVersion = 6.3.1;
					};
				};
			};
			buildConfigurationList = 6C2D59F71B014AB600F2F02A /* Build configuration list for PBXProject "RiotAPI" */;
			compatibilityVersion = "Xcode 3.2";
			developmentRegion = English;
			hasScannedForEncodings = 0;
			knownRegions = (
				en,
			);
			mainGroup = 6C2D59F31B014AB600F2F02A;
			productRefGroup = 6C2D59FE1B014AB600F2F02A /* Products */;
			projectDirPath = "";
			projectRoot = "";
			targets = (
				6C2D59FC1B014AB600F2F02A /* RiotAPI */,
				6C2D5A071B014AB600F2F02A /* RiotAPITests */,
			);
		};
/* End PBXProject section */

/* Begin PBXResourcesBuildPhase section */
		6C2D59FB1B014AB600F2F02A /* Resources */ = {
			isa = PBXResourcesBuildPhase;
			buildActionMask = 2147483647;
			files = (
			);
			runOnlyForDeploymentPostprocessing = 0;
		};
		6C2D5A061B014AB600F2F02A /* Resources */ = {
			isa = PBXResourcesBuildPhase;
			buildActionMask = 2147483647;
			files = (
			);
			runOnlyForDeploymentPostprocessing = 0;
		};
/* End PBXResourcesBuildPhase section */

/* Begin PBXShellScriptBuildPhase section */
		74ABA9E1F009E06951AA9EC4 /* Check Pods Manifest.lock */ = {
			isa = PBXShellScriptBuildPhase;
			buildActionMask = 2147483647;
			files = (
			);
			inputPaths = (
			);
			name = "Check Pods Manifest.lock";
			outputPaths = (
			);
			runOnlyForDeploymentPostprocessing = 0;
			shellPath = /bin/sh;
			shellScript = "diff \"${PODS_ROOT}/../Podfile.lock\" \"${PODS_ROOT}/Manifest.lock\" > /dev/null\nif [[ $? != 0 ]] ; then\n    cat << EOM\nerror: The sandbox is not in sync with the Podfile.lock. Run 'pod install' or update your CocoaPods installation.\nEOM\n    exit 1\nfi\n";
			showEnvVarsInLog = 0;
		};
		96E2BBA1C1796FC255C5D2C8 /* Copy Pods Resources */ = {
			isa = PBXShellScriptBuildPhase;
			buildActionMask = 2147483647;
			files = (
			);
			inputPaths = (
			);
			name = "Copy Pods Resources";
			outputPaths = (
			);
			runOnlyForDeploymentPostprocessing = 0;
			shellPath = /bin/sh;
			shellScript = "\"${SRCROOT}/Pods/Target Support Files/Pods/Pods-resources.sh\"\n";
			showEnvVarsInLog = 0;
		};
/* End PBXShellScriptBuildPhase section */

/* Begin PBXSourcesBuildPhase section */
		6C2D59F81B014AB600F2F02A /* Sources */ = {
			isa = PBXSourcesBuildPhase;
			buildActionMask = 2147483647;
			files = (
				6C2D5A221B0159E900F2F02A /* Team.m in Sources */,
				6C2D5A441B01680100F2F02A /* MiniSeries.m in Sources */,
				6C2D5A2B1B01605000F2F02A /* MatchHistorySummary.m in Sources */,
				6C8A15621B027B6100961C36 /* ParticipantMastery.m in Sources */,
				6C8A15721B027E2200961C36 /* Player.m in Sources */,
				6C8A15521B02790B00961C36 /* Participant.m in Sources */,
				6C2D5A271B015B5700F2F02A /* NSDate+Utilities.m in Sources */,
				6C8A15761B027E8D00961C36 /* BannedChampion.m in Sources */,
				6C2D5A401B01675900F2F02A /* LeagueEntry.m in Sources */,
				6C2D5A1D1B0159C700F2F02A /* BaseObject.m in Sources */,
				6C8A15661B027B7D00961C36 /* ParticipantStats.m in Sources */,
				6C8A15561B0279FA00961C36 /* ParticipantIdentity.m in Sources */,
				6C8A15821B0280B300961C36 /* Event.m in Sources */,
				6C8A155A1B027A5600961C36 /* ParticipantTeam.m in Sources */,
				6C8A15861B02823400961C36 /* ParticipantFrame.m in Sources */,
				6C8A157A1B027EB100961C36 /* Frame.m in Sources */,
				6C2D5A2F1B01615500F2F02A /* Roster.m in Sources */,
				6C8A156A1B027D0300961C36 /* ParticipantTimeline.m in Sources */,
				6C8A154E1B02778E00961C36 /* MatchDetail.m in Sources */,
				6C2D5A371B0165FA00F2F02A /* TeamMemberInfo.m in Sources */,
				6C8A158A1B0282B300961C36 /* Position.m in Sources */,
				6C8A157E1B02805E00961C36 /* ParticipantTimelineData.m in Sources */,
				6C8A155E1B027B1F00961C36 /* Timeline.m in Sources */,
				6C8A156E1B027E0300961C36 /* ParticipantRune.m in Sources */,
				6C2D5A3C1B01672200F2F02A /* League.m in Sources */,
				6C2D5A331B0161C800F2F02A /* TeamStatDetail.m in Sources */,
			);
			runOnlyForDeploymentPostprocessing = 0;
		};
		6C2D5A041B014AB600F2F02A /* Sources */ = {
			isa = PBXSourcesBuildPhase;
			buildActionMask = 2147483647;
			files = (
				6C2D5A101B014AB600F2F02A /* RiotAPITests.m in Sources */,
			);
			runOnlyForDeploymentPostprocessing = 0;
		};
/* End PBXSourcesBuildPhase section */

/* Begin PBXTargetDependency section */
		6C2D5A0B1B014AB600F2F02A /* PBXTargetDependency */ = {
			isa = PBXTargetDependency;
			target = 6C2D59FC1B014AB600F2F02A /* RiotAPI */;
			targetProxy = 6C2D5A0A1B014AB600F2F02A /* PBXContainerItemProxy */;
		};
/* End PBXTargetDependency section */

/* Begin XCBuildConfiguration section */
		6C2D5A111B014AB600F2F02A /* Debug */ = {
			isa = XCBuildConfiguration;
			buildSettings = {
				ALWAYS_SEARCH_USER_PATHS = NO;
				CLANG_CXX_LANGUAGE_STANDARD = "gnu++0x";
				CLANG_CXX_LIBRARY = "libc++";
				CLANG_ENABLE_MODULES = YES;
				CLANG_ENABLE_OBJC_ARC = YES;
				CLANG_WARN_BOOL_CONVERSION = YES;
				CLANG_WARN_CONSTANT_CONVERSION = YES;
				CLANG_WARN_DIRECT_OBJC_ISA_USAGE = YES_ERROR;
				CLANG_WARN_EMPTY_BODY = YES;
				CLANG_WARN_ENUM_CONVERSION = YES;
				CLANG_WARN_INT_CONVERSION = YES;
				CLANG_WARN_OBJC_ROOT_CLASS = YES_ERROR;
				CLANG_WARN_UNREACHABLE_CODE = YES;
				CLANG_WARN__DUPLICATE_METHOD_MATCH = YES;
				"CODE_SIGN_IDENTITY[sdk=iphoneos*]" = "iPhone Developer";
				COPY_PHASE_STRIP = NO;
				CURRENT_PROJECT_VERSION = 1;
				DEBUG_INFORMATION_FORMAT = "dwarf-with-dsym";
				ENABLE_STRICT_OBJC_MSGSEND = YES;
				GCC_C_LANGUAGE_STANDARD = gnu99;
				GCC_DYNAMIC_NO_PIC = NO;
				GCC_NO_COMMON_BLOCKS = YES;
				GCC_OPTIMIZATION_LEVEL = 0;
				GCC_PREPROCESSOR_DEFINITIONS = (
					"DEBUG=1",
					"$(inherited)",
				);
				GCC_SYMBOLS_PRIVATE_EXTERN = NO;
				GCC_WARN_64_TO_32_BIT_CONVERSION = YES;
				GCC_WARN_ABOUT_RETURN_TYPE = YES_ERROR;
				GCC_WARN_UNDECLARED_SELECTOR = YES;
				GCC_WARN_UNINITIALIZED_AUTOS = YES_AGGRESSIVE;
				GCC_WARN_UNUSED_FUNCTION = YES;
				GCC_WARN_UNUSED_VARIABLE = YES;
				IPHONEOS_DEPLOYMENT_TARGET = 8.3;
				MTL_ENABLE_DEBUG_INFO = YES;
				ONLY_ACTIVE_ARCH = YES;
				SDKROOT = iphoneos;
				TARGETED_DEVICE_FAMILY = "1,2";
				VERSIONING_SYSTEM = "apple-generic";
				VERSION_INFO_PREFIX = "";
			};
			name = Debug;
		};
		6C2D5A121B014AB600F2F02A /* Release */ = {
			isa = XCBuildConfiguration;
			buildSettings = {
				ALWAYS_SEARCH_USER_PATHS = NO;
				CLANG_CXX_LANGUAGE_STANDARD = "gnu++0x";
				CLANG_CXX_LIBRARY = "libc++";
				CLANG_ENABLE_MODULES = YES;
				CLANG_ENABLE_OBJC_ARC = YES;
				CLANG_WARN_BOOL_CONVERSION = YES;
				CLANG_WARN_CONSTANT_CONVERSION = YES;
				CLANG_WARN_DIRECT_OBJC_ISA_USAGE = YES_ERROR;
				CLANG_WARN_EMPTY_BODY = YES;
				CLANG_WARN_ENUM_CONVERSION = YES;
				CLANG_WARN_INT_CONVERSION = YES;
				CLANG_WARN_OBJC_ROOT_CLASS = YES_ERROR;
				CLANG_WARN_UNREACHABLE_CODE = YES;
				CLANG_WARN__DUPLICATE_METHOD_MATCH = YES;
				"CODE_SIGN_IDENTITY[sdk=iphoneos*]" = "iPhone Developer";
				COPY_PHASE_STRIP = NO;
				CURRENT_PROJECT_VERSION = 1;
				DEBUG_INFORMATION_FORMAT = "dwarf-with-dsym";
				ENABLE_NS_ASSERTIONS = NO;
				ENABLE_STRICT_OBJC_MSGSEND = YES;
				GCC_C_LANGUAGE_STANDARD = gnu99;
				GCC_NO_COMMON_BLOCKS = YES;
				GCC_WARN_64_TO_32_BIT_CONVERSION = YES;
				GCC_WARN_ABOUT_RETURN_TYPE = YES_ERROR;
				GCC_WARN_UNDECLARED_SELECTOR = YES;
				GCC_WARN_UNINITIALIZED_AUTOS = YES_AGGRESSIVE;
				GCC_WARN_UNUSED_FUNCTION = YES;
				GCC_WARN_UNUSED_VARIABLE = YES;
				IPHONEOS_DEPLOYMENT_TARGET = 8.3;
				MTL_ENABLE_DEBUG_INFO = NO;
				SDKROOT = iphoneos;
				TARGETED_DEVICE_FAMILY = "1,2";
				VALIDATE_PRODUCT = YES;
				VERSIONING_SYSTEM = "apple-generic";
				VERSION_INFO_PREFIX = "";
			};
			name = Release;
		};
		6C2D5A141B014AB600F2F02A /* Debug */ = {
			isa = XCBuildConfiguration;
			baseConfigurationReference = F1880BF342A6FF8C7ADDC983 /* Pods.debug.xcconfig */;
			buildSettings = {
				DEFINES_MODULE = YES;
				DYLIB_COMPATIBILITY_VERSION = 1;
				DYLIB_CURRENT_VERSION = 1;
				DYLIB_INSTALL_NAME_BASE = "@rpath";
				INFOPLIST_FILE = RiotAPI/Info.plist;
				INSTALL_PATH = "$(LOCAL_LIBRARY_DIR)/Frameworks";
				LD_RUNPATH_SEARCH_PATHS = "$(inherited) @executable_path/Frameworks @loader_path/Frameworks";
				PRODUCT_NAME = "$(TARGET_NAME)";
				SKIP_INSTALL = YES;
			};
			name = Debug;
		};
		6C2D5A151B014AB600F2F02A /* Release */ = {
			isa = XCBuildConfiguration;
			baseConfigurationReference = BE3901F004469939F3D98870 /* Pods.release.xcconfig */;
			buildSettings = {
				DEFINES_MODULE = YES;
				DYLIB_COMPATIBILITY_VERSION = 1;
				DYLIB_CURRENT_VERSION = 1;
				DYLIB_INSTALL_NAME_BASE = "@rpath";
				INFOPLIST_FILE = RiotAPI/Info.plist;
				INSTALL_PATH = "$(LOCAL_LIBRARY_DIR)/Frameworks";
				LD_RUNPATH_SEARCH_PATHS = "$(inherited) @executable_path/Frameworks @loader_path/Frameworks";
				PRODUCT_NAME = "$(TARGET_NAME)";
				SKIP_INSTALL = YES;
			};
			name = Release;
		};
		6C2D5A171B014AB600F2F02A /* Debug */ = {
			isa = XCBuildConfiguration;
			buildSettings = {
				FRAMEWORK_SEARCH_PATHS = (
					"$(SDKROOT)/Developer/Library/Frameworks",
					"$(inherited)",
				);
				GCC_PREPROCESSOR_DEFINITIONS = (
					"DEBUG=1",
					"$(inherited)",
				);
				INFOPLIST_FILE = RiotAPITests/Info.plist;
				LD_RUNPATH_SEARCH_PATHS = "$(inherited) @executable_path/Frameworks @loader_path/Frameworks";
				PRODUCT_NAME = "$(TARGET_NAME)";
			};
			name = Debug;
		};
		6C2D5A181B014AB600F2F02A /* Release */ = {
			isa = XCBuildConfiguration;
			buildSettings = {
				FRAMEWORK_SEARCH_PATHS = (
					"$(SDKROOT)/Developer/Library/Frameworks",
					"$(inherited)",
				);
				INFOPLIST_FILE = RiotAPITests/Info.plist;
				LD_RUNPATH_SEARCH_PATHS = "$(inherited) @executable_path/Frameworks @loader_path/Frameworks";
				PRODUCT_NAME = "$(TARGET_NAME)";
			};
			name = Release;
		};
/* End XCBuildConfiguration section */

/* Begin XCConfigurationList section */
		6C2D59F71B014AB600F2F02A /* Build configuration list for PBXProject "RiotAPI" */ = {
			isa = XCConfigurationList;
			buildConfigurations = (
				6C2D5A111B014AB600F2F02A /* Debug */,
				6C2D5A121B014AB600F2F02A /* Release */,
			);
			defaultConfigurationIsVisible = 0;
			defaultConfigurationName = Release;
		};
		6C2D5A131B014AB600F2F02A /* Build configuration list for PBXNativeTarget "RiotAPI" */ = {
			isa = XCConfigurationList;
			buildConfigurations = (
				6C2D5A141B014AB600F2F02A /* Debug */,
				6C2D5A151B014AB600F2F02A /* Release */,
			);
			defaultConfigurationIsVisible = 0;
			defaultConfigurationName = Release;
		};
		6C2D5A161B014AB600F2F02A /* Build configuration list for PBXNativeTarget "RiotAPITests" */ = {
			isa = XCConfigurationList;
			buildConfigurations = (
				6C2D5A171B014AB600F2F02A /* Debug */,
				6C2D5A181B014AB600F2F02A /* Release */,
			);
			defaultConfigurationIsVisible = 0;
			defaultConfigurationName = Release;
		};
/* End XCConfigurationList section */
	};
	rootObject = 6C2D59F41B014AB600F2F02A /* Project object */;
}
